// !$*UTF8*$!
{
	archiveVersion = 1;
	classes = {
	};
	objectVersion = 56;
	objects = {

/* Begin PBXBuildFile section */
		0C2DB05F29B50510004395FB /* DataConstants.swift in Sources */ = {isa = PBXBuildFile; fileRef = 0C2DB05E29B50510004395FB /* DataConstants.swift */; };
		0C2DB06129B50737004395FB /* NetworkingDataSourceRequestTests.swift in Sources */ = {isa = PBXBuildFile; fileRef = 0C2DB06029B50737004395FB /* NetworkingDataSourceRequestTests.swift */; };
		0C2DB06329B5076D004395FB /* NetworkingDataSourceHandleResponseTests.swift in Sources */ = {isa = PBXBuildFile; fileRef = 0C2DB06229B5076D004395FB /* NetworkingDataSourceHandleResponseTests.swift */; };
		0C2DB06729B50888004395FB /* MockNetworkingDataSource.swift in Sources */ = {isa = PBXBuildFile; fileRef = 0C2DB06529B5085C004395FB /* MockNetworkingDataSource.swift */; };
		0C2DB06929B50BDA004395FB /* Session.swift in Sources */ = {isa = PBXBuildFile; fileRef = 0C2DB06829B50BDA004395FB /* Session.swift */; };
		0C2DB06C29B50D6F004395FB /* URLResponse+Extensions.swift in Sources */ = {isa = PBXBuildFile; fileRef = 0C2DB06A29B50D6D004395FB /* URLResponse+Extensions.swift */; };
		0C2DB07029B50DBA004395FB /* String+Extensions.swift in Sources */ = {isa = PBXBuildFile; fileRef = 0C2DB06E29B50DB8004395FB /* String+Extensions.swift */; };
		0C2DB07529B51C12004395FB /* MockSession.swift in Sources */ = {isa = PBXBuildFile; fileRef = 0C2DB07329B51BEB004395FB /* MockSession.swift */; };
		0C2DB07F29B5265C004395FB /* ProductsApiTests.swift in Sources */ = {isa = PBXBuildFile; fileRef = 0C2DB07E29B5265C004395FB /* ProductsApiTests.swift */; };
		0C2DB08129B526E3004395FB /* ProductsRemoteEntityMapperTests.swift in Sources */ = {isa = PBXBuildFile; fileRef = 0C2DB08029B526E3004395FB /* ProductsRemoteEntityMapperTests.swift */; };
		0C2DB08329B526F3004395FB /* ProductRemoteEntityMapperTests.swift in Sources */ = {isa = PBXBuildFile; fileRef = 0C2DB08229B526F3004395FB /* ProductRemoteEntityMapperTests.swift */; };
		0C2DB08729B52787004395FB /* ProductsDataRepositoryTests.swift in Sources */ = {isa = PBXBuildFile; fileRef = 0C2DB08629B52787004395FB /* ProductsDataRepositoryTests.swift */; };
		0C2DB08929B527CD004395FB /* MockProductsDataSource.swift in Sources */ = {isa = PBXBuildFile; fileRef = 0C2DB08829B527CD004395FB /* MockProductsDataSource.swift */; };
		0C2DB09229B528EA004395FB /* MockProduct.swift in Sources */ = {isa = PBXBuildFile; fileRef = 0C2DB09029B528E2004395FB /* MockProduct.swift */; };
		0C2DB09329B5294F004395FB /* MockProductRemoteEntities.swift in Sources */ = {isa = PBXBuildFile; fileRef = 0C2DB08C29B52880004395FB /* MockProductRemoteEntities.swift */; };
		0C2DB09429B52DD1004395FB /* MockProduct.swift in Sources */ = {isa = PBXBuildFile; fileRef = 0C2DB09029B528E2004395FB /* MockProduct.swift */; };
		0C3F27AE29B3B56C004C359C /* rpenya_eshop_challengeApp.swift in Sources */ = {isa = PBXBuildFile; fileRef = 0C3F27AD29B3B56C004C359C /* rpenya_eshop_challengeApp.swift */; };
		0C3F27B229B3B56E004C359C /* Assets.xcassets in Resources */ = {isa = PBXBuildFile; fileRef = 0C3F27B129B3B56E004C359C /* Assets.xcassets */; };
		0C3F27B529B3B56E004C359C /* Preview Assets.xcassets in Resources */ = {isa = PBXBuildFile; fileRef = 0C3F27B429B3B56E004C359C /* Preview Assets.xcassets */; };
		0C3F27BF29B3B56E004C359C /* rpenya_eshop_challengeTests.swift in Sources */ = {isa = PBXBuildFile; fileRef = 0C3F27BE29B3B56E004C359C /* rpenya_eshop_challengeTests.swift */; };
		0C3F27C929B3B56E004C359C /* rpenya_eshop_challengeUITests.swift in Sources */ = {isa = PBXBuildFile; fileRef = 0C3F27C829B3B56E004C359C /* rpenya_eshop_challengeUITests.swift */; };
		0C3F27CB29B3B56E004C359C /* rpenya_eshop_challengeUITestsLaunchTests.swift in Sources */ = {isa = PBXBuildFile; fileRef = 0C3F27CA29B3B56E004C359C /* rpenya_eshop_challengeUITestsLaunchTests.swift */; };
		0C3F27E029B3B6B1004C359C /* Data.docc in Sources */ = {isa = PBXBuildFile; fileRef = 0C3F27DF29B3B6B1004C359C /* Data.docc */; };
		0C3F27E629B3B6B1004C359C /* Data.framework in Frameworks */ = {isa = PBXBuildFile; fileRef = 0C3F27DC29B3B6B1004C359C /* Data.framework */; };
		0C3F27EE29B3B6B1004C359C /* Data.h in Headers */ = {isa = PBXBuildFile; fileRef = 0C3F27DE29B3B6B1004C359C /* Data.h */; settings = {ATTRIBUTES = (Public, ); }; };
		0C3F27F129B3B6B1004C359C /* Data.framework in Frameworks */ = {isa = PBXBuildFile; fileRef = 0C3F27DC29B3B6B1004C359C /* Data.framework */; };
		0C3F27F229B3B6B1004C359C /* Data.framework in Embed Frameworks */ = {isa = PBXBuildFile; fileRef = 0C3F27DC29B3B6B1004C359C /* Data.framework */; settings = {ATTRIBUTES = (CodeSignOnCopy, RemoveHeadersOnCopy, ); }; };
		0C3F280329B3B6CB004C359C /* Domain.docc in Sources */ = {isa = PBXBuildFile; fileRef = 0C3F280229B3B6CB004C359C /* Domain.docc */; };
		0C3F280929B3B6CC004C359C /* Domain.framework in Frameworks */ = {isa = PBXBuildFile; fileRef = 0C3F27FF29B3B6CB004C359C /* Domain.framework */; };
		0C3F281029B3B6CC004C359C /* DomainTests.swift in Sources */ = {isa = PBXBuildFile; fileRef = 0C3F280F29B3B6CC004C359C /* DomainTests.swift */; };
		0C3F281129B3B6CC004C359C /* Domain.h in Headers */ = {isa = PBXBuildFile; fileRef = 0C3F280129B3B6CB004C359C /* Domain.h */; settings = {ATTRIBUTES = (Public, ); }; };
		0C3F281429B3B6CC004C359C /* Domain.framework in Frameworks */ = {isa = PBXBuildFile; fileRef = 0C3F27FF29B3B6CB004C359C /* Domain.framework */; };
		0C3F281529B3B6CC004C359C /* Domain.framework in Embed Frameworks */ = {isa = PBXBuildFile; fileRef = 0C3F27FF29B3B6CB004C359C /* Domain.framework */; settings = {ATTRIBUTES = (CodeSignOnCopy, RemoveHeadersOnCopy, ); }; };
		0C3F281D29B3B750004C359C /* Domain.framework in Frameworks */ = {isa = PBXBuildFile; fileRef = 0C3F27FF29B3B6CB004C359C /* Domain.framework */; };
		0C3F281E29B3B750004C359C /* Domain.framework in Embed Frameworks */ = {isa = PBXBuildFile; fileRef = 0C3F27FF29B3B6CB004C359C /* Domain.framework */; settings = {ATTRIBUTES = (CodeSignOnCopy, RemoveHeadersOnCopy, ); }; };
		0C3F282729B3BCB8004C359C /* NetworkingDataSource.swift in Sources */ = {isa = PBXBuildFile; fileRef = 0C3F282629B3BCB8004C359C /* NetworkingDataSource.swift */; };
		0C3F282929B3BCDE004C359C /* DataSourceErrors.swift in Sources */ = {isa = PBXBuildFile; fileRef = 0C3F282829B3BCDE004C359C /* DataSourceErrors.swift */; };
		0C3F283229B3BE0E004C359C /* ProductRemoteEntity.swift in Sources */ = {isa = PBXBuildFile; fileRef = 0C3F283129B3BE0E004C359C /* ProductRemoteEntity.swift */; };
		0C3F283429B3BE23004C359C /* ProductsRemoteDataSource.swift in Sources */ = {isa = PBXBuildFile; fileRef = 0C3F283329B3BE23004C359C /* ProductsRemoteDataSource.swift */; };
		0C3F283629B3BE45004C359C /* ProductsDataSource.swift in Sources */ = {isa = PBXBuildFile; fileRef = 0C3F283529B3BE45004C359C /* ProductsDataSource.swift */; };
		0C3F283829B3BE5F004C359C /* ProductsDataRepository.swift in Sources */ = {isa = PBXBuildFile; fileRef = 0C3F283729B3BE5F004C359C /* ProductsDataRepository.swift */; };
		0C3F283A29B3BE7F004C359C /* PromotionRemoteEntity.swift in Sources */ = {isa = PBXBuildFile; fileRef = 0C3F283929B3BE7F004C359C /* PromotionRemoteEntity.swift */; };
		0C3F283C29B3BE93004C359C /* PromotionsRemoteDataSource.swift in Sources */ = {isa = PBXBuildFile; fileRef = 0C3F283B29B3BE93004C359C /* PromotionsRemoteDataSource.swift */; };
		0C3F283E29B3BEB3004C359C /* PromotionsDataSource.swift in Sources */ = {isa = PBXBuildFile; fileRef = 0C3F283D29B3BEB3004C359C /* PromotionsDataSource.swift */; };
		0C3F284029B3BEC8004C359C /* PromotionsDataRepository.swift in Sources */ = {isa = PBXBuildFile; fileRef = 0C3F283F29B3BEC8004C359C /* PromotionsDataRepository.swift */; };
		0C3F284329B3BFAC004C359C /* UseCase.swift in Sources */ = {isa = PBXBuildFile; fileRef = 0C3F284229B3BFAC004C359C /* UseCase.swift */; };
		0C3F284729B3C02A004C359C /* GetProductsWithPromotions.swift in Sources */ = {isa = PBXBuildFile; fileRef = 0C3F284629B3C02A004C359C /* GetProductsWithPromotions.swift */; };
		0C3F284A29B3C072004C359C /* Product.swift in Sources */ = {isa = PBXBuildFile; fileRef = 0C3F284929B3C072004C359C /* Product.swift */; };
		0C3F284C29B3C081004C359C /* Promotion.swift in Sources */ = {isa = PBXBuildFile; fileRef = 0C3F284B29B3C081004C359C /* Promotion.swift */; };
		0C3F284E29B3C09B004C359C /* ProductsRepository.swift in Sources */ = {isa = PBXBuildFile; fileRef = 0C3F284D29B3C09B004C359C /* ProductsRepository.swift */; };
		0C3F285629B3C1B9004C359C /* ProductsListAssembler.swift in Sources */ = {isa = PBXBuildFile; fileRef = 0C3F285529B3C1B9004C359C /* ProductsListAssembler.swift */; };
		0C3F285829B3C1DB004C359C /* ProductViewEntity.swift in Sources */ = {isa = PBXBuildFile; fileRef = 0C3F285729B3C1DB004C359C /* ProductViewEntity.swift */; };
		0C3F285A29B3C1F2004C359C /* ProductsListViewModel.swift in Sources */ = {isa = PBXBuildFile; fileRef = 0C3F285929B3C1F2004C359C /* ProductsListViewModel.swift */; };
		0C3F285C29B3C1FF004C359C /* ProductsListRouter.swift in Sources */ = {isa = PBXBuildFile; fileRef = 0C3F285B29B3C1FF004C359C /* ProductsListRouter.swift */; };
		0C3F285E29B3C20C004C359C /* ProductsListView.swift in Sources */ = {isa = PBXBuildFile; fileRef = 0C3F285D29B3C20C004C359C /* ProductsListView.swift */; };
		0C3F286229B3C243004C359C /* ShoppingBasketDetailAssembler.swift in Sources */ = {isa = PBXBuildFile; fileRef = 0C3F286129B3C243004C359C /* ShoppingBasketDetailAssembler.swift */; };
		0C3F286429B3C258004C359C /* ShoppingBasketViewEntity.swift in Sources */ = {isa = PBXBuildFile; fileRef = 0C3F286329B3C258004C359C /* ShoppingBasketViewEntity.swift */; };
		0C3F286629B3C2B4004C359C /* ShoppingBasketDetailViewModel.swift in Sources */ = {isa = PBXBuildFile; fileRef = 0C3F286529B3C2B4004C359C /* ShoppingBasketDetailViewModel.swift */; };
		0C3F286829B3C2CC004C359C /* ShoppingBasketDetailRouter.swift in Sources */ = {isa = PBXBuildFile; fileRef = 0C3F286729B3C2CC004C359C /* ShoppingBasketDetailRouter.swift */; };
		0C3F286A29B3C2D7004C359C /* ShoppingBasketDetailView.swift in Sources */ = {isa = PBXBuildFile; fileRef = 0C3F286929B3C2D7004C359C /* ShoppingBasketDetailView.swift */; };
		0C3F286F29B3C3B4004C359C /* Router.swift in Sources */ = {isa = PBXBuildFile; fileRef = 0C3F286D29B3C3B4004C359C /* Router.swift */; };
		0C3F287229B3C3E4004C359C /* ErrorDescription.swift in Sources */ = {isa = PBXBuildFile; fileRef = 0C3F287129B3C3E4004C359C /* ErrorDescription.swift */; };
		0C3F287429B3C832004C359C /* ProductsApi.swift in Sources */ = {isa = PBXBuildFile; fileRef = 0C3F287329B3C832004C359C /* ProductsApi.swift */; };
		0C3F287629B3C8F4004C359C /* HTTPMethod.swift in Sources */ = {isa = PBXBuildFile; fileRef = 0C3F287529B3C8F3004C359C /* HTTPMethod.swift */; };
		0C3F287829B3CC6F004C359C /* Api.swift in Sources */ = {isa = PBXBuildFile; fileRef = 0C3F287729B3CC6F004C359C /* Api.swift */; };
		0C3F287A29B3CF9B004C359C /* PromotionsRepository.swift in Sources */ = {isa = PBXBuildFile; fileRef = 0C3F287929B3CF9B004C359C /* PromotionsRepository.swift */; };
		0C56290229B5F5FC00E9CB7D /* ProductResources.swift in Sources */ = {isa = PBXBuildFile; fileRef = 0C56290129B5F5FC00E9CB7D /* ProductResources.swift */; };
		0C56290429B5F98E00E9CB7D /* DataErrors.swift in Sources */ = {isa = PBXBuildFile; fileRef = 0C56290329B5F98D00E9CB7D /* DataErrors.swift */; };
		0CE4EDE129B3D2C0005114A9 /* Resource.swift in Sources */ = {isa = PBXBuildFile; fileRef = 0CE4EDE029B3D2C0005114A9 /* Resource.swift */; };
		0CE4EDE629B3D480005114A9 /* ProductsRemoteEntity.swift in Sources */ = {isa = PBXBuildFile; fileRef = 0CE4EDE529B3D480005114A9 /* ProductsRemoteEntity.swift */; };
/* End PBXBuildFile section */

/* Begin PBXContainerItemProxy section */
		0C3F27BB29B3B56E004C359C /* PBXContainerItemProxy */ = {
			isa = PBXContainerItemProxy;
			containerPortal = 0C3F27A229B3B56C004C359C /* Project object */;
			proxyType = 1;
			remoteGlobalIDString = 0C3F27A929B3B56C004C359C;
			remoteInfo = "rpenya-eshop-challenge";
		};
		0C3F27C529B3B56E004C359C /* PBXContainerItemProxy */ = {
			isa = PBXContainerItemProxy;
			containerPortal = 0C3F27A229B3B56C004C359C /* Project object */;
			proxyType = 1;
			remoteGlobalIDString = 0C3F27A929B3B56C004C359C;
			remoteInfo = "rpenya-eshop-challenge";
		};
		0C3F27E729B3B6B1004C359C /* PBXContainerItemProxy */ = {
			isa = PBXContainerItemProxy;
			containerPortal = 0C3F27A229B3B56C004C359C /* Project object */;
			proxyType = 1;
			remoteGlobalIDString = 0C3F27DB29B3B6B1004C359C;
			remoteInfo = Data;
		};
		0C3F27E929B3B6B1004C359C /* PBXContainerItemProxy */ = {
			isa = PBXContainerItemProxy;
			containerPortal = 0C3F27A229B3B56C004C359C /* Project object */;
			proxyType = 1;
			remoteGlobalIDString = 0C3F27A929B3B56C004C359C;
			remoteInfo = "rpenya-eshop-challenge";
		};
		0C3F27EF29B3B6B1004C359C /* PBXContainerItemProxy */ = {
			isa = PBXContainerItemProxy;
			containerPortal = 0C3F27A229B3B56C004C359C /* Project object */;
			proxyType = 1;
			remoteGlobalIDString = 0C3F27DB29B3B6B1004C359C;
			remoteInfo = Data;
		};
		0C3F280A29B3B6CC004C359C /* PBXContainerItemProxy */ = {
			isa = PBXContainerItemProxy;
			containerPortal = 0C3F27A229B3B56C004C359C /* Project object */;
			proxyType = 1;
			remoteGlobalIDString = 0C3F27FE29B3B6CB004C359C;
			remoteInfo = Domain;
		};
		0C3F280C29B3B6CC004C359C /* PBXContainerItemProxy */ = {
			isa = PBXContainerItemProxy;
			containerPortal = 0C3F27A229B3B56C004C359C /* Project object */;
			proxyType = 1;
			remoteGlobalIDString = 0C3F27A929B3B56C004C359C;
			remoteInfo = "rpenya-eshop-challenge";
		};
		0C3F281229B3B6CC004C359C /* PBXContainerItemProxy */ = {
			isa = PBXContainerItemProxy;
			containerPortal = 0C3F27A229B3B56C004C359C /* Project object */;
			proxyType = 1;
			remoteGlobalIDString = 0C3F27FE29B3B6CB004C359C;
			remoteInfo = Domain;
		};
		0C3F281F29B3B750004C359C /* PBXContainerItemProxy */ = {
			isa = PBXContainerItemProxy;
			containerPortal = 0C3F27A229B3B56C004C359C /* Project object */;
			proxyType = 1;
			remoteGlobalIDString = 0C3F27FE29B3B6CB004C359C;
			remoteInfo = Domain;
		};
/* End PBXContainerItemProxy section */

/* Begin PBXCopyFilesBuildPhase section */
		0C3F27F629B3B6B1004C359C /* Embed Frameworks */ = {
			isa = PBXCopyFilesBuildPhase;
			buildActionMask = 2147483647;
			dstPath = "";
			dstSubfolderSpec = 10;
			files = (
				0C3F281529B3B6CC004C359C /* Domain.framework in Embed Frameworks */,
				0C3F27F229B3B6B1004C359C /* Data.framework in Embed Frameworks */,
			);
			name = "Embed Frameworks";
			runOnlyForDeploymentPostprocessing = 0;
		};
		0C3F282129B3B751004C359C /* Embed Frameworks */ = {
			isa = PBXCopyFilesBuildPhase;
			buildActionMask = 2147483647;
			dstPath = "";
			dstSubfolderSpec = 10;
			files = (
				0C3F281E29B3B750004C359C /* Domain.framework in Embed Frameworks */,
			);
			name = "Embed Frameworks";
			runOnlyForDeploymentPostprocessing = 0;
		};
/* End PBXCopyFilesBuildPhase section */

/* Begin PBXFileReference section */
		0C2DB05E29B50510004395FB /* DataConstants.swift */ = {isa = PBXFileReference; lastKnownFileType = sourcecode.swift; path = DataConstants.swift; sourceTree = "<group>"; };
		0C2DB06029B50737004395FB /* NetworkingDataSourceRequestTests.swift */ = {isa = PBXFileReference; lastKnownFileType = sourcecode.swift; path = NetworkingDataSourceRequestTests.swift; sourceTree = "<group>"; };
		0C2DB06229B5076D004395FB /* NetworkingDataSourceHandleResponseTests.swift */ = {isa = PBXFileReference; lastKnownFileType = sourcecode.swift; path = NetworkingDataSourceHandleResponseTests.swift; sourceTree = "<group>"; };
		0C2DB06529B5085C004395FB /* MockNetworkingDataSource.swift */ = {isa = PBXFileReference; lastKnownFileType = sourcecode.swift; path = MockNetworkingDataSource.swift; sourceTree = "<group>"; };
		0C2DB06829B50BDA004395FB /* Session.swift */ = {isa = PBXFileReference; lastKnownFileType = sourcecode.swift; path = Session.swift; sourceTree = "<group>"; };
		0C2DB06A29B50D6D004395FB /* URLResponse+Extensions.swift */ = {isa = PBXFileReference; lastKnownFileType = sourcecode.swift; path = "URLResponse+Extensions.swift"; sourceTree = "<group>"; };
		0C2DB06E29B50DB8004395FB /* String+Extensions.swift */ = {isa = PBXFileReference; lastKnownFileType = sourcecode.swift; path = "String+Extensions.swift"; sourceTree = "<group>"; };
		0C2DB07329B51BEB004395FB /* MockSession.swift */ = {isa = PBXFileReference; lastKnownFileType = sourcecode.swift; path = MockSession.swift; sourceTree = "<group>"; };
		0C2DB07E29B5265C004395FB /* ProductsApiTests.swift */ = {isa = PBXFileReference; lastKnownFileType = sourcecode.swift; path = ProductsApiTests.swift; sourceTree = "<group>"; };
		0C2DB08029B526E3004395FB /* ProductsRemoteEntityMapperTests.swift */ = {isa = PBXFileReference; lastKnownFileType = sourcecode.swift; path = ProductsRemoteEntityMapperTests.swift; sourceTree = "<group>"; };
		0C2DB08229B526F3004395FB /* ProductRemoteEntityMapperTests.swift */ = {isa = PBXFileReference; lastKnownFileType = sourcecode.swift; path = ProductRemoteEntityMapperTests.swift; sourceTree = "<group>"; };
		0C2DB08629B52787004395FB /* ProductsDataRepositoryTests.swift */ = {isa = PBXFileReference; lastKnownFileType = sourcecode.swift; path = ProductsDataRepositoryTests.swift; sourceTree = "<group>"; };
		0C2DB08829B527CD004395FB /* MockProductsDataSource.swift */ = {isa = PBXFileReference; lastKnownFileType = sourcecode.swift; path = MockProductsDataSource.swift; sourceTree = "<group>"; };
		0C2DB08C29B52880004395FB /* MockProductRemoteEntities.swift */ = {isa = PBXFileReference; lastKnownFileType = sourcecode.swift; path = MockProductRemoteEntities.swift; sourceTree = "<group>"; };
		0C2DB09029B528E2004395FB /* MockProduct.swift */ = {isa = PBXFileReference; lastKnownFileType = sourcecode.swift; path = MockProduct.swift; sourceTree = "<group>"; };
		0C3F27AA29B3B56C004C359C /* rpenya-eshop-challenge.app */ = {isa = PBXFileReference; explicitFileType = wrapper.application; includeInIndex = 0; path = "rpenya-eshop-challenge.app"; sourceTree = BUILT_PRODUCTS_DIR; };
		0C3F27AD29B3B56C004C359C /* rpenya_eshop_challengeApp.swift */ = {isa = PBXFileReference; lastKnownFileType = sourcecode.swift; path = rpenya_eshop_challengeApp.swift; sourceTree = "<group>"; };
		0C3F27B129B3B56E004C359C /* Assets.xcassets */ = {isa = PBXFileReference; lastKnownFileType = folder.assetcatalog; path = Assets.xcassets; sourceTree = "<group>"; };
		0C3F27B429B3B56E004C359C /* Preview Assets.xcassets */ = {isa = PBXFileReference; lastKnownFileType = folder.assetcatalog; path = "Preview Assets.xcassets"; sourceTree = "<group>"; };
		0C3F27BA29B3B56E004C359C /* rpenya-eshop-challengeTests.xctest */ = {isa = PBXFileReference; explicitFileType = wrapper.cfbundle; includeInIndex = 0; path = "rpenya-eshop-challengeTests.xctest"; sourceTree = BUILT_PRODUCTS_DIR; };
		0C3F27BE29B3B56E004C359C /* rpenya_eshop_challengeTests.swift */ = {isa = PBXFileReference; lastKnownFileType = sourcecode.swift; path = rpenya_eshop_challengeTests.swift; sourceTree = "<group>"; };
		0C3F27C429B3B56E004C359C /* rpenya-eshop-challengeUITests.xctest */ = {isa = PBXFileReference; explicitFileType = wrapper.cfbundle; includeInIndex = 0; path = "rpenya-eshop-challengeUITests.xctest"; sourceTree = BUILT_PRODUCTS_DIR; };
		0C3F27C829B3B56E004C359C /* rpenya_eshop_challengeUITests.swift */ = {isa = PBXFileReference; lastKnownFileType = sourcecode.swift; path = rpenya_eshop_challengeUITests.swift; sourceTree = "<group>"; };
		0C3F27CA29B3B56E004C359C /* rpenya_eshop_challengeUITestsLaunchTests.swift */ = {isa = PBXFileReference; lastKnownFileType = sourcecode.swift; path = rpenya_eshop_challengeUITestsLaunchTests.swift; sourceTree = "<group>"; };
		0C3F27DC29B3B6B1004C359C /* Data.framework */ = {isa = PBXFileReference; explicitFileType = wrapper.framework; includeInIndex = 0; path = Data.framework; sourceTree = BUILT_PRODUCTS_DIR; };
		0C3F27DE29B3B6B1004C359C /* Data.h */ = {isa = PBXFileReference; lastKnownFileType = sourcecode.c.h; path = Data.h; sourceTree = "<group>"; };
		0C3F27DF29B3B6B1004C359C /* Data.docc */ = {isa = PBXFileReference; lastKnownFileType = folder.documentationcatalog; path = Data.docc; sourceTree = "<group>"; };
		0C3F27E529B3B6B1004C359C /* DataTests.xctest */ = {isa = PBXFileReference; explicitFileType = wrapper.cfbundle; includeInIndex = 0; path = DataTests.xctest; sourceTree = BUILT_PRODUCTS_DIR; };
		0C3F27FF29B3B6CB004C359C /* Domain.framework */ = {isa = PBXFileReference; explicitFileType = wrapper.framework; includeInIndex = 0; path = Domain.framework; sourceTree = BUILT_PRODUCTS_DIR; };
		0C3F280129B3B6CB004C359C /* Domain.h */ = {isa = PBXFileReference; lastKnownFileType = sourcecode.c.h; path = Domain.h; sourceTree = "<group>"; };
		0C3F280229B3B6CB004C359C /* Domain.docc */ = {isa = PBXFileReference; lastKnownFileType = folder.documentationcatalog; path = Domain.docc; sourceTree = "<group>"; };
		0C3F280829B3B6CC004C359C /* DomainTests.xctest */ = {isa = PBXFileReference; explicitFileType = wrapper.cfbundle; includeInIndex = 0; path = DomainTests.xctest; sourceTree = BUILT_PRODUCTS_DIR; };
		0C3F280F29B3B6CC004C359C /* DomainTests.swift */ = {isa = PBXFileReference; lastKnownFileType = sourcecode.swift; path = DomainTests.swift; sourceTree = "<group>"; };
		0C3F282629B3BCB8004C359C /* NetworkingDataSource.swift */ = {isa = PBXFileReference; fileEncoding = 4; lastKnownFileType = sourcecode.swift; path = NetworkingDataSource.swift; sourceTree = "<group>"; };
		0C3F282829B3BCDE004C359C /* DataSourceErrors.swift */ = {isa = PBXFileReference; fileEncoding = 4; lastKnownFileType = sourcecode.swift; path = DataSourceErrors.swift; sourceTree = "<group>"; };
		0C3F283129B3BE0E004C359C /* ProductRemoteEntity.swift */ = {isa = PBXFileReference; lastKnownFileType = sourcecode.swift; path = ProductRemoteEntity.swift; sourceTree = "<group>"; };
		0C3F283329B3BE23004C359C /* ProductsRemoteDataSource.swift */ = {isa = PBXFileReference; lastKnownFileType = sourcecode.swift; path = ProductsRemoteDataSource.swift; sourceTree = "<group>"; };
		0C3F283529B3BE45004C359C /* ProductsDataSource.swift */ = {isa = PBXFileReference; lastKnownFileType = sourcecode.swift; path = ProductsDataSource.swift; sourceTree = "<group>"; };
		0C3F283729B3BE5F004C359C /* ProductsDataRepository.swift */ = {isa = PBXFileReference; lastKnownFileType = sourcecode.swift; path = ProductsDataRepository.swift; sourceTree = "<group>"; };
		0C3F283929B3BE7F004C359C /* PromotionRemoteEntity.swift */ = {isa = PBXFileReference; lastKnownFileType = sourcecode.swift; path = PromotionRemoteEntity.swift; sourceTree = "<group>"; };
		0C3F283B29B3BE93004C359C /* PromotionsRemoteDataSource.swift */ = {isa = PBXFileReference; lastKnownFileType = sourcecode.swift; path = PromotionsRemoteDataSource.swift; sourceTree = "<group>"; };
		0C3F283D29B3BEB3004C359C /* PromotionsDataSource.swift */ = {isa = PBXFileReference; lastKnownFileType = sourcecode.swift; path = PromotionsDataSource.swift; sourceTree = "<group>"; };
		0C3F283F29B3BEC8004C359C /* PromotionsDataRepository.swift */ = {isa = PBXFileReference; lastKnownFileType = sourcecode.swift; path = PromotionsDataRepository.swift; sourceTree = "<group>"; };
		0C3F284229B3BFAC004C359C /* UseCase.swift */ = {isa = PBXFileReference; fileEncoding = 4; lastKnownFileType = sourcecode.swift; path = UseCase.swift; sourceTree = "<group>"; };
		0C3F284629B3C02A004C359C /* GetProductsWithPromotions.swift */ = {isa = PBXFileReference; lastKnownFileType = sourcecode.swift; path = GetProductsWithPromotions.swift; sourceTree = "<group>"; };
		0C3F284929B3C072004C359C /* Product.swift */ = {isa = PBXFileReference; lastKnownFileType = sourcecode.swift; path = Product.swift; sourceTree = "<group>"; };
		0C3F284B29B3C081004C359C /* Promotion.swift */ = {isa = PBXFileReference; lastKnownFileType = sourcecode.swift; path = Promotion.swift; sourceTree = "<group>"; };
		0C3F284D29B3C09B004C359C /* ProductsRepository.swift */ = {isa = PBXFileReference; lastKnownFileType = sourcecode.swift; path = ProductsRepository.swift; sourceTree = "<group>"; };
		0C3F285529B3C1B9004C359C /* ProductsListAssembler.swift */ = {isa = PBXFileReference; lastKnownFileType = sourcecode.swift; path = ProductsListAssembler.swift; sourceTree = "<group>"; };
		0C3F285729B3C1DB004C359C /* ProductViewEntity.swift */ = {isa = PBXFileReference; lastKnownFileType = sourcecode.swift; path = ProductViewEntity.swift; sourceTree = "<group>"; };
		0C3F285929B3C1F2004C359C /* ProductsListViewModel.swift */ = {isa = PBXFileReference; lastKnownFileType = sourcecode.swift; path = ProductsListViewModel.swift; sourceTree = "<group>"; };
		0C3F285B29B3C1FF004C359C /* ProductsListRouter.swift */ = {isa = PBXFileReference; lastKnownFileType = sourcecode.swift; path = ProductsListRouter.swift; sourceTree = "<group>"; };
		0C3F285D29B3C20C004C359C /* ProductsListView.swift */ = {isa = PBXFileReference; lastKnownFileType = sourcecode.swift; path = ProductsListView.swift; sourceTree = "<group>"; };
		0C3F286129B3C243004C359C /* ShoppingBasketDetailAssembler.swift */ = {isa = PBXFileReference; lastKnownFileType = sourcecode.swift; path = ShoppingBasketDetailAssembler.swift; sourceTree = "<group>"; };
		0C3F286329B3C258004C359C /* ShoppingBasketViewEntity.swift */ = {isa = PBXFileReference; lastKnownFileType = sourcecode.swift; path = ShoppingBasketViewEntity.swift; sourceTree = "<group>"; };
		0C3F286529B3C2B4004C359C /* ShoppingBasketDetailViewModel.swift */ = {isa = PBXFileReference; lastKnownFileType = sourcecode.swift; path = ShoppingBasketDetailViewModel.swift; sourceTree = "<group>"; };
		0C3F286729B3C2CC004C359C /* ShoppingBasketDetailRouter.swift */ = {isa = PBXFileReference; lastKnownFileType = sourcecode.swift; path = ShoppingBasketDetailRouter.swift; sourceTree = "<group>"; };
		0C3F286929B3C2D7004C359C /* ShoppingBasketDetailView.swift */ = {isa = PBXFileReference; lastKnownFileType = sourcecode.swift; path = ShoppingBasketDetailView.swift; sourceTree = "<group>"; };
		0C3F286D29B3C3B4004C359C /* Router.swift */ = {isa = PBXFileReference; fileEncoding = 4; lastKnownFileType = sourcecode.swift; name = Router.swift; path = Mobile/Common/Router.swift; sourceTree = SOURCE_ROOT; };
		0C3F287129B3C3E4004C359C /* ErrorDescription.swift */ = {isa = PBXFileReference; fileEncoding = 4; lastKnownFileType = sourcecode.swift; path = ErrorDescription.swift; sourceTree = "<group>"; };
		0C3F287329B3C832004C359C /* ProductsApi.swift */ = {isa = PBXFileReference; lastKnownFileType = sourcecode.swift; path = ProductsApi.swift; sourceTree = "<group>"; };
		0C3F287529B3C8F3004C359C /* HTTPMethod.swift */ = {isa = PBXFileReference; lastKnownFileType = sourcecode.swift; path = HTTPMethod.swift; sourceTree = "<group>"; };
		0C3F287729B3CC6F004C359C /* Api.swift */ = {isa = PBXFileReference; lastKnownFileType = sourcecode.swift; path = Api.swift; sourceTree = "<group>"; };
		0C3F287929B3CF9B004C359C /* PromotionsRepository.swift */ = {isa = PBXFileReference; lastKnownFileType = sourcecode.swift; path = PromotionsRepository.swift; sourceTree = "<group>"; };
		0C56290129B5F5FC00E9CB7D /* ProductResources.swift */ = {isa = PBXFileReference; lastKnownFileType = sourcecode.swift; path = ProductResources.swift; sourceTree = "<group>"; };
		0C56290329B5F98D00E9CB7D /* DataErrors.swift */ = {isa = PBXFileReference; lastKnownFileType = sourcecode.swift; path = DataErrors.swift; sourceTree = "<group>"; };
		0CE4EDE029B3D2C0005114A9 /* Resource.swift */ = {isa = PBXFileReference; lastKnownFileType = sourcecode.swift; path = Resource.swift; sourceTree = "<group>"; };
		0CE4EDE529B3D480005114A9 /* ProductsRemoteEntity.swift */ = {isa = PBXFileReference; lastKnownFileType = sourcecode.swift; path = ProductsRemoteEntity.swift; sourceTree = "<group>"; };
/* End PBXFileReference section */

/* Begin PBXFrameworksBuildPhase section */
		0C3F27A729B3B56C004C359C /* Frameworks */ = {
			isa = PBXFrameworksBuildPhase;
			buildActionMask = 2147483647;
			files = (
				0C3F281429B3B6CC004C359C /* Domain.framework in Frameworks */,
				0C3F27F129B3B6B1004C359C /* Data.framework in Frameworks */,
			);
			runOnlyForDeploymentPostprocessing = 0;
		};
		0C3F27B729B3B56E004C359C /* Frameworks */ = {
			isa = PBXFrameworksBuildPhase;
			buildActionMask = 2147483647;
			files = (
			);
			runOnlyForDeploymentPostprocessing = 0;
		};
		0C3F27C129B3B56E004C359C /* Frameworks */ = {
			isa = PBXFrameworksBuildPhase;
			buildActionMask = 2147483647;
			files = (
			);
			runOnlyForDeploymentPostprocessing = 0;
		};
		0C3F27D929B3B6B1004C359C /* Frameworks */ = {
			isa = PBXFrameworksBuildPhase;
			buildActionMask = 2147483647;
			files = (
				0C3F281D29B3B750004C359C /* Domain.framework in Frameworks */,
			);
			runOnlyForDeploymentPostprocessing = 0;
		};
		0C3F27E229B3B6B1004C359C /* Frameworks */ = {
			isa = PBXFrameworksBuildPhase;
			buildActionMask = 2147483647;
			files = (
				0C3F27E629B3B6B1004C359C /* Data.framework in Frameworks */,
			);
			runOnlyForDeploymentPostprocessing = 0;
		};
		0C3F27FC29B3B6CB004C359C /* Frameworks */ = {
			isa = PBXFrameworksBuildPhase;
			buildActionMask = 2147483647;
			files = (
			);
			runOnlyForDeploymentPostprocessing = 0;
		};
		0C3F280529B3B6CC004C359C /* Frameworks */ = {
			isa = PBXFrameworksBuildPhase;
			buildActionMask = 2147483647;
			files = (
				0C3F280929B3B6CC004C359C /* Domain.framework in Frameworks */,
			);
			runOnlyForDeploymentPostprocessing = 0;
		};
/* End PBXFrameworksBuildPhase section */

/* Begin PBXGroup section */
		0C2DB06429B50833004395FB /* Mocks */ = {
			isa = PBXGroup;
			children = (
				0C2DB07329B51BEB004395FB /* MockSession.swift */,
				0C2DB06529B5085C004395FB /* MockNetworkingDataSource.swift */,
				0C2DB08C29B52880004395FB /* MockProductRemoteEntities.swift */,
				0C2DB08829B527CD004395FB /* MockProductsDataSource.swift */,
			);
			path = Mocks;
			sourceTree = "<group>";
		};
		0C2DB07629B52567004395FB /* NetworkingDataSource */ = {
			isa = PBXGroup;
			children = (
				0C2DB06029B50737004395FB /* NetworkingDataSourceRequestTests.swift */,
				0C2DB06229B5076D004395FB /* NetworkingDataSourceHandleResponseTests.swift */,
			);
			path = NetworkingDataSource;
			sourceTree = "<group>";
		};
		0C2DB07D29B52630004395FB /* Products */ = {
			isa = PBXGroup;
			children = (
				0C2DB07E29B5265C004395FB /* ProductsApiTests.swift */,
				0C2DB08029B526E3004395FB /* ProductsRemoteEntityMapperTests.swift */,
				0C2DB08229B526F3004395FB /* ProductRemoteEntityMapperTests.swift */,
				0C2DB08629B52787004395FB /* ProductsDataRepositoryTests.swift */,
			);
			path = Products;
			sourceTree = "<group>";
		};
		0C2DB08A29B527F4004395FB /* Extensions */ = {
			isa = PBXGroup;
			children = (
				0C2DB06A29B50D6D004395FB /* URLResponse+Extensions.swift */,
				0C2DB06E29B50DB8004395FB /* String+Extensions.swift */,
			);
			path = Extensions;
			sourceTree = "<group>";
		};
		0C2DB08B29B5280A004395FB /* Common */ = {
			isa = PBXGroup;
			children = (
				0C2DB06429B50833004395FB /* Mocks */,
				0C2DB08A29B527F4004395FB /* Extensions */,
			);
			path = Common;
			sourceTree = "<group>";
		};
		0C2DB08E29B528CB004395FB /* Common */ = {
			isa = PBXGroup;
			children = (
				0C2DB08F29B528D1004395FB /* Mock */,
			);
			path = Common;
			sourceTree = "<group>";
		};
		0C2DB08F29B528D1004395FB /* Mock */ = {
			isa = PBXGroup;
			children = (
				0C2DB09029B528E2004395FB /* MockProduct.swift */,
			);
			path = Mock;
			sourceTree = "<group>";
		};
		0C3F27A129B3B56C004C359C = {
			isa = PBXGroup;
			children = (
				0C3F27DD29B3B6B1004C359C /* Data */,
				0C3F280029B3B6CB004C359C /* Domain */,
				0C3F27AC29B3B56C004C359C /* Mobile */,
				0C3F27AB29B3B56C004C359C /* Products */,
				0C3F281C29B3B750004C359C /* Frameworks */,
			);
			sourceTree = "<group>";
		};
		0C3F27AB29B3B56C004C359C /* Products */ = {
			isa = PBXGroup;
			children = (
				0C3F27AA29B3B56C004C359C /* rpenya-eshop-challenge.app */,
				0C3F27BA29B3B56E004C359C /* rpenya-eshop-challengeTests.xctest */,
				0C3F27C429B3B56E004C359C /* rpenya-eshop-challengeUITests.xctest */,
				0C3F27DC29B3B6B1004C359C /* Data.framework */,
				0C3F27E529B3B6B1004C359C /* DataTests.xctest */,
				0C3F27FF29B3B6CB004C359C /* Domain.framework */,
				0C3F280829B3B6CC004C359C /* DomainTests.xctest */,
			);
			name = Products;
			sourceTree = "<group>";
		};
		0C3F27AC29B3B56C004C359C /* Mobile */ = {
			isa = PBXGroup;
			children = (
				0C3F284F29B3C134004C359C /* Common */,
				0C3F285029B3C138004C359C /* CommonUI */,
				0C3F285129B3C143004C359C /* ProductsList */,
				0C3F285229B3C159004C359C /* ShoppingBasketDetail */,
				0C3F27AD29B3B56C004C359C /* rpenya_eshop_challengeApp.swift */,
				0C3F27B129B3B56E004C359C /* Assets.xcassets */,
				0C3F27B329B3B56E004C359C /* Preview Content */,
				0C3F27BD29B3B56E004C359C /* MobileTests */,
				0C3F27C729B3B56E004C359C /* MobileUITests */,
			);
			path = Mobile;
			sourceTree = "<group>";
		};
		0C3F27B329B3B56E004C359C /* Preview Content */ = {
			isa = PBXGroup;
			children = (
				0C3F27B429B3B56E004C359C /* Preview Assets.xcassets */,
			);
			path = "Preview Content";
			sourceTree = "<group>";
		};
		0C3F27BD29B3B56E004C359C /* MobileTests */ = {
			isa = PBXGroup;
			children = (
				0C3F27BE29B3B56E004C359C /* rpenya_eshop_challengeTests.swift */,
			);
			path = MobileTests;
			sourceTree = "<group>";
		};
		0C3F27C729B3B56E004C359C /* MobileUITests */ = {
			isa = PBXGroup;
			children = (
				0C3F27C829B3B56E004C359C /* rpenya_eshop_challengeUITests.swift */,
				0C3F27CA29B3B56E004C359C /* rpenya_eshop_challengeUITestsLaunchTests.swift */,
			);
			path = MobileUITests;
			sourceTree = "<group>";
		};
		0C3F27DD29B3B6B1004C359C /* Data */ = {
			isa = PBXGroup;
			children = (
				0C3F282229B3BC35004C359C /* Common */,
				0C3F282329B3BC3D004C359C /* Products */,
				0C3F282429B3BC47004C359C /* Promotions */,
				0C3F27DE29B3B6B1004C359C /* Data.h */,
				0C3F27DF29B3B6B1004C359C /* Data.docc */,
				0C3F27EB29B3B6B1004C359C /* DataTests */,
			);
			path = Data;
			sourceTree = "<group>";
		};
		0C3F27EB29B3B6B1004C359C /* DataTests */ = {
			isa = PBXGroup;
			children = (
				0C2DB08B29B5280A004395FB /* Common */,
				0C2DB07629B52567004395FB /* NetworkingDataSource */,
				0C2DB07D29B52630004395FB /* Products */,
			);
			path = DataTests;
			sourceTree = "<group>";
		};
		0C3F280029B3B6CB004C359C /* Domain */ = {
			isa = PBXGroup;
			children = (
				0C3F284129B3BF9B004C359C /* Common */,
				0C3F284429B3C009004C359C /* Products */,
				0C3F280129B3B6CB004C359C /* Domain.h */,
				0C3F280229B3B6CB004C359C /* Domain.docc */,
				0C3F280E29B3B6CC004C359C /* DomainTests */,
			);
			path = Domain;
			sourceTree = "<group>";
		};
		0C3F280E29B3B6CC004C359C /* DomainTests */ = {
			isa = PBXGroup;
			children = (
				0C2DB08E29B528CB004395FB /* Common */,
				0C3F280F29B3B6CC004C359C /* DomainTests.swift */,
			);
			path = DomainTests;
			sourceTree = "<group>";
		};
		0C3F281C29B3B750004C359C /* Frameworks */ = {
			isa = PBXGroup;
			children = (
			);
			name = Frameworks;
			sourceTree = "<group>";
		};
		0C3F282229B3BC35004C359C /* Common */ = {
			isa = PBXGroup;
			children = (
				0CE4EDE229B3D2D9005114A9 /* Model */,
				0C3F282529B3BC72004C359C /* NetworkingDataSource */,
				0C2DB05E29B50510004395FB /* DataConstants.swift */,
				0C56290329B5F98D00E9CB7D /* DataErrors.swift */,
			);
			path = Common;
			sourceTree = "<group>";
		};
		0C3F282329B3BC3D004C359C /* Products */ = {
			isa = PBXGroup;
			children = (
				0C3F282A29B3BD5C004C359C /* DataSource */,
				0C3F283729B3BE5F004C359C /* ProductsDataRepository.swift */,
			);
			path = Products;
			sourceTree = "<group>";
		};
		0C3F282429B3BC47004C359C /* Promotions */ = {
			isa = PBXGroup;
			children = (
				0C3F282D29B3BD76004C359C /* DataSource */,
				0C3F283F29B3BEC8004C359C /* PromotionsDataRepository.swift */,
			);
			path = Promotions;
			sourceTree = "<group>";
		};
		0C3F282529B3BC72004C359C /* NetworkingDataSource */ = {
			isa = PBXGroup;
			children = (
				0C2DB06829B50BDA004395FB /* Session.swift */,
				0C3F282629B3BCB8004C359C /* NetworkingDataSource.swift */,
				0C3F282829B3BCDE004C359C /* DataSourceErrors.swift */,
			);
			path = NetworkingDataSource;
			sourceTree = "<group>";
		};
		0C3F282A29B3BD5C004C359C /* DataSource */ = {
			isa = PBXGroup;
			children = (
				0C3F282B29B3BD65004C359C /* Remote */,
				0C3F283529B3BE45004C359C /* ProductsDataSource.swift */,
			);
			path = DataSource;
			sourceTree = "<group>";
		};
		0C3F282B29B3BD65004C359C /* Remote */ = {
			isa = PBXGroup;
			children = (
				0C3F282C29B3BD6B004C359C /* Model */,
				0C3F283329B3BE23004C359C /* ProductsRemoteDataSource.swift */,
			);
			path = Remote;
			sourceTree = "<group>";
		};
		0C3F282C29B3BD6B004C359C /* Model */ = {
			isa = PBXGroup;
			children = (
				0CE4EDE529B3D480005114A9 /* ProductsRemoteEntity.swift */,
				0C3F283129B3BE0E004C359C /* ProductRemoteEntity.swift */,
				0C3F287329B3C832004C359C /* ProductsApi.swift */,
				0C56290129B5F5FC00E9CB7D /* ProductResources.swift */,
			);
			path = Model;
			sourceTree = "<group>";
		};
		0C3F282D29B3BD76004C359C /* DataSource */ = {
			isa = PBXGroup;
			children = (
				0C3F282E29B3BD7E004C359C /* Remote */,
				0C3F283D29B3BEB3004C359C /* PromotionsDataSource.swift */,
			);
			path = DataSource;
			sourceTree = "<group>";
		};
		0C3F282E29B3BD7E004C359C /* Remote */ = {
			isa = PBXGroup;
			children = (
				0C3F282F29B3BD84004C359C /* Model */,
				0C3F283B29B3BE93004C359C /* PromotionsRemoteDataSource.swift */,
			);
			path = Remote;
			sourceTree = "<group>";
		};
		0C3F282F29B3BD84004C359C /* Model */ = {
			isa = PBXGroup;
			children = (
				0C3F283929B3BE7F004C359C /* PromotionRemoteEntity.swift */,
			);
			path = Model;
			sourceTree = "<group>";
		};
		0C3F284129B3BF9B004C359C /* Common */ = {
			isa = PBXGroup;
			children = (
				0C3F284229B3BFAC004C359C /* UseCase.swift */,
			);
			path = Common;
			sourceTree = "<group>";
		};
		0C3F284429B3C009004C359C /* Products */ = {
			isa = PBXGroup;
			children = (
				0C3F284829B3C03E004C359C /* Model */,
				0C3F284529B3C017004C359C /* UseCase */,
				0C3F284D29B3C09B004C359C /* ProductsRepository.swift */,
				0C3F287929B3CF9B004C359C /* PromotionsRepository.swift */,
			);
			path = Products;
			sourceTree = "<group>";
		};
		0C3F284529B3C017004C359C /* UseCase */ = {
			isa = PBXGroup;
			children = (
				0C3F284629B3C02A004C359C /* GetProductsWithPromotions.swift */,
			);
			path = UseCase;
			sourceTree = "<group>";
		};
		0C3F284829B3C03E004C359C /* Model */ = {
			isa = PBXGroup;
			children = (
				0C3F284929B3C072004C359C /* Product.swift */,
				0C3F284B29B3C081004C359C /* Promotion.swift */,
			);
			path = Model;
			sourceTree = "<group>";
		};
		0C3F284F29B3C134004C359C /* Common */ = {
			isa = PBXGroup;
			children = (
				0C3F287029B3C3C9004C359C /* Model */,
				0C3F286D29B3C3B4004C359C /* Router.swift */,
			);
			path = Common;
			sourceTree = "<group>";
		};
		0C3F285029B3C138004C359C /* CommonUI */ = {
			isa = PBXGroup;
			children = (
			);
			path = CommonUI;
			sourceTree = "<group>";
		};
		0C3F285129B3C143004C359C /* ProductsList */ = {
			isa = PBXGroup;
			children = (
				0C3F285329B3C177004C359C /* Assembly */,
				0C3F285429B3C192004C359C /* Model */,
				0C3F285929B3C1F2004C359C /* ProductsListViewModel.swift */,
				0C3F285B29B3C1FF004C359C /* ProductsListRouter.swift */,
				0C3F285D29B3C20C004C359C /* ProductsListView.swift */,
			);
			path = ProductsList;
			sourceTree = "<group>";
		};
		0C3F285229B3C159004C359C /* ShoppingBasketDetail */ = {
			isa = PBXGroup;
			children = (
				0C3F285F29B3C21C004C359C /* Assembly */,
				0C3F286029B3C221004C359C /* Model */,
				0C3F286529B3C2B4004C359C /* ShoppingBasketDetailViewModel.swift */,
				0C3F286729B3C2CC004C359C /* ShoppingBasketDetailRouter.swift */,
				0C3F286929B3C2D7004C359C /* ShoppingBasketDetailView.swift */,
			);
			path = ShoppingBasketDetail;
			sourceTree = "<group>";
		};
		0C3F285329B3C177004C359C /* Assembly */ = {
			isa = PBXGroup;
			children = (
				0C3F285529B3C1B9004C359C /* ProductsListAssembler.swift */,
			);
			path = Assembly;
			sourceTree = "<group>";
		};
		0C3F285429B3C192004C359C /* Model */ = {
			isa = PBXGroup;
			children = (
				0C3F285729B3C1DB004C359C /* ProductViewEntity.swift */,
			);
			path = Model;
			sourceTree = "<group>";
		};
		0C3F285F29B3C21C004C359C /* Assembly */ = {
			isa = PBXGroup;
			children = (
				0C3F286129B3C243004C359C /* ShoppingBasketDetailAssembler.swift */,
			);
			path = Assembly;
			sourceTree = "<group>";
		};
		0C3F286029B3C221004C359C /* Model */ = {
			isa = PBXGroup;
			children = (
				0C3F286329B3C258004C359C /* ShoppingBasketViewEntity.swift */,
			);
			path = Model;
			sourceTree = "<group>";
		};
		0C3F287029B3C3C9004C359C /* Model */ = {
			isa = PBXGroup;
			children = (
				0C3F287129B3C3E4004C359C /* ErrorDescription.swift */,
			);
			path = Model;
			sourceTree = "<group>";
		};
		0CE4EDE229B3D2D9005114A9 /* Model */ = {
			isa = PBXGroup;
			children = (
				0C3F287529B3C8F3004C359C /* HTTPMethod.swift */,
				0CE4EDE029B3D2C0005114A9 /* Resource.swift */,
				0C3F287729B3CC6F004C359C /* Api.swift */,
			);
			path = Model;
			sourceTree = "<group>";
		};
/* End PBXGroup section */

/* Begin PBXHeadersBuildPhase section */
		0C3F27D729B3B6B1004C359C /* Headers */ = {
			isa = PBXHeadersBuildPhase;
			buildActionMask = 2147483647;
			files = (
				0C3F27EE29B3B6B1004C359C /* Data.h in Headers */,
			);
			runOnlyForDeploymentPostprocessing = 0;
		};
		0C3F27FA29B3B6CB004C359C /* Headers */ = {
			isa = PBXHeadersBuildPhase;
			buildActionMask = 2147483647;
			files = (
				0C3F281129B3B6CC004C359C /* Domain.h in Headers */,
			);
			runOnlyForDeploymentPostprocessing = 0;
		};
/* End PBXHeadersBuildPhase section */

/* Begin PBXNativeTarget section */
		0C3F27A929B3B56C004C359C /* rpenya-eshop-challenge */ = {
			isa = PBXNativeTarget;
			buildConfigurationList = 0C3F27CE29B3B56E004C359C /* Build configuration list for PBXNativeTarget "rpenya-eshop-challenge" */;
			buildPhases = (
				0C3F27A629B3B56C004C359C /* Sources */,
				0C3F27A729B3B56C004C359C /* Frameworks */,
				0C3F27A829B3B56C004C359C /* Resources */,
				0C3F27F629B3B6B1004C359C /* Embed Frameworks */,
			);
			buildRules = (
			);
			dependencies = (
				0C3F27F029B3B6B1004C359C /* PBXTargetDependency */,
				0C3F281329B3B6CC004C359C /* PBXTargetDependency */,
			);
			name = "rpenya-eshop-challenge";
			productName = "rpenya-eshop-challenge";
			productReference = 0C3F27AA29B3B56C004C359C /* rpenya-eshop-challenge.app */;
			productType = "com.apple.product-type.application";
		};
		0C3F27B929B3B56E004C359C /* rpenya-eshop-challengeTests */ = {
			isa = PBXNativeTarget;
			buildConfigurationList = 0C3F27D129B3B56E004C359C /* Build configuration list for PBXNativeTarget "rpenya-eshop-challengeTests" */;
			buildPhases = (
				0C3F27B629B3B56E004C359C /* Sources */,
				0C3F27B729B3B56E004C359C /* Frameworks */,
				0C3F27B829B3B56E004C359C /* Resources */,
			);
			buildRules = (
			);
			dependencies = (
				0C3F27BC29B3B56E004C359C /* PBXTargetDependency */,
			);
			name = "rpenya-eshop-challengeTests";
			productName = "rpenya-eshop-challengeTests";
			productReference = 0C3F27BA29B3B56E004C359C /* rpenya-eshop-challengeTests.xctest */;
			productType = "com.apple.product-type.bundle.unit-test";
		};
		0C3F27C329B3B56E004C359C /* rpenya-eshop-challengeUITests */ = {
			isa = PBXNativeTarget;
			buildConfigurationList = 0C3F27D429B3B56E004C359C /* Build configuration list for PBXNativeTarget "rpenya-eshop-challengeUITests" */;
			buildPhases = (
				0C3F27C029B3B56E004C359C /* Sources */,
				0C3F27C129B3B56E004C359C /* Frameworks */,
				0C3F27C229B3B56E004C359C /* Resources */,
			);
			buildRules = (
			);
			dependencies = (
				0C3F27C629B3B56E004C359C /* PBXTargetDependency */,
			);
			name = "rpenya-eshop-challengeUITests";
			productName = "rpenya-eshop-challengeUITests";
			productReference = 0C3F27C429B3B56E004C359C /* rpenya-eshop-challengeUITests.xctest */;
			productType = "com.apple.product-type.bundle.ui-testing";
		};
		0C3F27DB29B3B6B1004C359C /* Data */ = {
			isa = PBXNativeTarget;
			buildConfigurationList = 0C3F27F329B3B6B1004C359C /* Build configuration list for PBXNativeTarget "Data" */;
			buildPhases = (
				0C3F27D729B3B6B1004C359C /* Headers */,
				0C3F27D829B3B6B1004C359C /* Sources */,
				0C3F27D929B3B6B1004C359C /* Frameworks */,
				0C3F27DA29B3B6B1004C359C /* Resources */,
				0C3F282129B3B751004C359C /* Embed Frameworks */,
			);
			buildRules = (
			);
			dependencies = (
				0C3F282029B3B750004C359C /* PBXTargetDependency */,
			);
			name = Data;
			productName = Data;
			productReference = 0C3F27DC29B3B6B1004C359C /* Data.framework */;
			productType = "com.apple.product-type.framework";
		};
		0C3F27E429B3B6B1004C359C /* DataTests */ = {
			isa = PBXNativeTarget;
			buildConfigurationList = 0C3F27F729B3B6B1004C359C /* Build configuration list for PBXNativeTarget "DataTests" */;
			buildPhases = (
				0C3F27E129B3B6B1004C359C /* Sources */,
				0C3F27E229B3B6B1004C359C /* Frameworks */,
				0C3F27E329B3B6B1004C359C /* Resources */,
			);
			buildRules = (
			);
			dependencies = (
				0C3F27E829B3B6B1004C359C /* PBXTargetDependency */,
				0C3F27EA29B3B6B1004C359C /* PBXTargetDependency */,
			);
			name = DataTests;
			productName = DataTests;
			productReference = 0C3F27E529B3B6B1004C359C /* DataTests.xctest */;
			productType = "com.apple.product-type.bundle.unit-test";
		};
		0C3F27FE29B3B6CB004C359C /* Domain */ = {
			isa = PBXNativeTarget;
			buildConfigurationList = 0C3F281629B3B6CC004C359C /* Build configuration list for PBXNativeTarget "Domain" */;
			buildPhases = (
				0C3F27FA29B3B6CB004C359C /* Headers */,
				0C3F27FB29B3B6CB004C359C /* Sources */,
				0C3F27FC29B3B6CB004C359C /* Frameworks */,
				0C3F27FD29B3B6CB004C359C /* Resources */,
			);
			buildRules = (
			);
			dependencies = (
			);
			name = Domain;
			productName = Domain;
			productReference = 0C3F27FF29B3B6CB004C359C /* Domain.framework */;
			productType = "com.apple.product-type.framework";
		};
		0C3F280729B3B6CC004C359C /* DomainTests */ = {
			isa = PBXNativeTarget;
			buildConfigurationList = 0C3F281929B3B6CC004C359C /* Build configuration list for PBXNativeTarget "DomainTests" */;
			buildPhases = (
				0C3F280429B3B6CC004C359C /* Sources */,
				0C3F280529B3B6CC004C359C /* Frameworks */,
				0C3F280629B3B6CC004C359C /* Resources */,
			);
			buildRules = (
			);
			dependencies = (
				0C3F280B29B3B6CC004C359C /* PBXTargetDependency */,
				0C3F280D29B3B6CC004C359C /* PBXTargetDependency */,
			);
			name = DomainTests;
			productName = DomainTests;
			productReference = 0C3F280829B3B6CC004C359C /* DomainTests.xctest */;
			productType = "com.apple.product-type.bundle.unit-test";
		};
/* End PBXNativeTarget section */

/* Begin PBXProject section */
		0C3F27A229B3B56C004C359C /* Project object */ = {
			isa = PBXProject;
			attributes = {
				BuildIndependentTargetsInParallel = 1;
				LastSwiftUpdateCheck = 1420;
				LastUpgradeCheck = 1420;
				TargetAttributes = {
					0C3F27A929B3B56C004C359C = {
						CreatedOnToolsVersion = 14.2;
					};
					0C3F27B929B3B56E004C359C = {
						CreatedOnToolsVersion = 14.2;
						TestTargetID = 0C3F27A929B3B56C004C359C;
					};
					0C3F27C329B3B56E004C359C = {
						CreatedOnToolsVersion = 14.2;
						TestTargetID = 0C3F27A929B3B56C004C359C;
					};
					0C3F27DB29B3B6B1004C359C = {
						CreatedOnToolsVersion = 14.2;
					};
					0C3F27E429B3B6B1004C359C = {
						CreatedOnToolsVersion = 14.2;
						TestTargetID = 0C3F27A929B3B56C004C359C;
					};
					0C3F27FE29B3B6CB004C359C = {
						CreatedOnToolsVersion = 14.2;
					};
					0C3F280729B3B6CC004C359C = {
						CreatedOnToolsVersion = 14.2;
						TestTargetID = 0C3F27A929B3B56C004C359C;
					};
				};
			};
			buildConfigurationList = 0C3F27A529B3B56C004C359C /* Build configuration list for PBXProject "rpenya-eshop-challenge" */;
			compatibilityVersion = "Xcode 14.0";
			developmentRegion = en;
			hasScannedForEncodings = 0;
			knownRegions = (
				en,
				Base,
			);
			mainGroup = 0C3F27A129B3B56C004C359C;
			productRefGroup = 0C3F27AB29B3B56C004C359C /* Products */;
			projectDirPath = "";
			projectRoot = "";
			targets = (
				0C3F27A929B3B56C004C359C /* rpenya-eshop-challenge */,
				0C3F27B929B3B56E004C359C /* rpenya-eshop-challengeTests */,
				0C3F27C329B3B56E004C359C /* rpenya-eshop-challengeUITests */,
				0C3F27FE29B3B6CB004C359C /* Domain */,
				0C3F280729B3B6CC004C359C /* DomainTests */,
				0C3F27DB29B3B6B1004C359C /* Data */,
				0C3F27E429B3B6B1004C359C /* DataTests */,
			);
		};
/* End PBXProject section */

/* Begin PBXResourcesBuildPhase section */
		0C3F27A829B3B56C004C359C /* Resources */ = {
			isa = PBXResourcesBuildPhase;
			buildActionMask = 2147483647;
			files = (
				0C3F27B529B3B56E004C359C /* Preview Assets.xcassets in Resources */,
				0C3F27B229B3B56E004C359C /* Assets.xcassets in Resources */,
			);
			runOnlyForDeploymentPostprocessing = 0;
		};
		0C3F27B829B3B56E004C359C /* Resources */ = {
			isa = PBXResourcesBuildPhase;
			buildActionMask = 2147483647;
			files = (
			);
			runOnlyForDeploymentPostprocessing = 0;
		};
		0C3F27C229B3B56E004C359C /* Resources */ = {
			isa = PBXResourcesBuildPhase;
			buildActionMask = 2147483647;
			files = (
			);
			runOnlyForDeploymentPostprocessing = 0;
		};
		0C3F27DA29B3B6B1004C359C /* Resources */ = {
			isa = PBXResourcesBuildPhase;
			buildActionMask = 2147483647;
			files = (
			);
			runOnlyForDeploymentPostprocessing = 0;
		};
		0C3F27E329B3B6B1004C359C /* Resources */ = {
			isa = PBXResourcesBuildPhase;
			buildActionMask = 2147483647;
			files = (
			);
			runOnlyForDeploymentPostprocessing = 0;
		};
		0C3F27FD29B3B6CB004C359C /* Resources */ = {
			isa = PBXResourcesBuildPhase;
			buildActionMask = 2147483647;
			files = (
			);
			runOnlyForDeploymentPostprocessing = 0;
		};
		0C3F280629B3B6CC004C359C /* Resources */ = {
			isa = PBXResourcesBuildPhase;
			buildActionMask = 2147483647;
			files = (
			);
			runOnlyForDeploymentPostprocessing = 0;
		};
/* End PBXResourcesBuildPhase section */

/* Begin PBXSourcesBuildPhase section */
		0C3F27A629B3B56C004C359C /* Sources */ = {
			isa = PBXSourcesBuildPhase;
			buildActionMask = 2147483647;
			files = (
				0C3F285629B3C1B9004C359C /* ProductsListAssembler.swift in Sources */,
				0C3F286229B3C243004C359C /* ShoppingBasketDetailAssembler.swift in Sources */,
				0C3F285C29B3C1FF004C359C /* ProductsListRouter.swift in Sources */,
				0C3F27AE29B3B56C004C359C /* rpenya_eshop_challengeApp.swift in Sources */,
				0C3F287229B3C3E4004C359C /* ErrorDescription.swift in Sources */,
				0C3F286F29B3C3B4004C359C /* Router.swift in Sources */,
				0C3F285829B3C1DB004C359C /* ProductViewEntity.swift in Sources */,
				0C3F285E29B3C20C004C359C /* ProductsListView.swift in Sources */,
				0C3F286429B3C258004C359C /* ShoppingBasketViewEntity.swift in Sources */,
				0C3F285A29B3C1F2004C359C /* ProductsListViewModel.swift in Sources */,
				0C3F286A29B3C2D7004C359C /* ShoppingBasketDetailView.swift in Sources */,
				0C3F286629B3C2B4004C359C /* ShoppingBasketDetailViewModel.swift in Sources */,
				0C3F286829B3C2CC004C359C /* ShoppingBasketDetailRouter.swift in Sources */,
			);
			runOnlyForDeploymentPostprocessing = 0;
		};
		0C3F27B629B3B56E004C359C /* Sources */ = {
			isa = PBXSourcesBuildPhase;
			buildActionMask = 2147483647;
			files = (
				0C3F27BF29B3B56E004C359C /* rpenya_eshop_challengeTests.swift in Sources */,
			);
			runOnlyForDeploymentPostprocessing = 0;
		};
		0C3F27C029B3B56E004C359C /* Sources */ = {
			isa = PBXSourcesBuildPhase;
			buildActionMask = 2147483647;
			files = (
				0C3F27C929B3B56E004C359C /* rpenya_eshop_challengeUITests.swift in Sources */,
				0C3F27CB29B3B56E004C359C /* rpenya_eshop_challengeUITestsLaunchTests.swift in Sources */,
			);
			runOnlyForDeploymentPostprocessing = 0;
		};
		0C3F27D829B3B6B1004C359C /* Sources */ = {
			isa = PBXSourcesBuildPhase;
			buildActionMask = 2147483647;
			files = (
				0C3F282729B3BCB8004C359C /* NetworkingDataSource.swift in Sources */,
				0C3F27E029B3B6B1004C359C /* Data.docc in Sources */,
				0C56290429B5F98E00E9CB7D /* DataErrors.swift in Sources */,
				0C3F287429B3C832004C359C /* ProductsApi.swift in Sources */,
				0CE4EDE129B3D2C0005114A9 /* Resource.swift in Sources */,
				0C3F283E29B3BEB3004C359C /* PromotionsDataSource.swift in Sources */,
				0C56290229B5F5FC00E9CB7D /* ProductResources.swift in Sources */,
				0C3F283629B3BE45004C359C /* ProductsDataSource.swift in Sources */,
				0C3F284029B3BEC8004C359C /* PromotionsDataRepository.swift in Sources */,
				0C2DB05F29B50510004395FB /* DataConstants.swift in Sources */,
				0C2DB06929B50BDA004395FB /* Session.swift in Sources */,
				0C3F283C29B3BE93004C359C /* PromotionsRemoteDataSource.swift in Sources */,
				0C3F283429B3BE23004C359C /* ProductsRemoteDataSource.swift in Sources */,
				0CE4EDE629B3D480005114A9 /* ProductsRemoteEntity.swift in Sources */,
				0C3F283229B3BE0E004C359C /* ProductRemoteEntity.swift in Sources */,
				0C3F282929B3BCDE004C359C /* DataSourceErrors.swift in Sources */,
				0C3F287629B3C8F4004C359C /* HTTPMethod.swift in Sources */,
				0C3F283A29B3BE7F004C359C /* PromotionRemoteEntity.swift in Sources */,
				0C3F287829B3CC6F004C359C /* Api.swift in Sources */,
				0C3F283829B3BE5F004C359C /* ProductsDataRepository.swift in Sources */,
			);
			runOnlyForDeploymentPostprocessing = 0;
		};
		0C3F27E129B3B6B1004C359C /* Sources */ = {
			isa = PBXSourcesBuildPhase;
			buildActionMask = 2147483647;
			files = (
				0C2DB07529B51C12004395FB /* MockSession.swift in Sources */,
				0C2DB08729B52787004395FB /* ProductsDataRepositoryTests.swift in Sources */,
				0C2DB07029B50DBA004395FB /* String+Extensions.swift in Sources */,
				0C2DB07F29B5265C004395FB /* ProductsApiTests.swift in Sources */,
				0C2DB06C29B50D6F004395FB /* URLResponse+Extensions.swift in Sources */,
				0C2DB06329B5076D004395FB /* NetworkingDataSourceHandleResponseTests.swift in Sources */,
				0C2DB08129B526E3004395FB /* ProductsRemoteEntityMapperTests.swift in Sources */,
				0C2DB06729B50888004395FB /* MockNetworkingDataSource.swift in Sources */,
				0C2DB08329B526F3004395FB /* ProductRemoteEntityMapperTests.swift in Sources */,
				0C2DB09329B5294F004395FB /* MockProductRemoteEntities.swift in Sources */,
				0C2DB08929B527CD004395FB /* MockProductsDataSource.swift in Sources */,
				0C2DB06129B50737004395FB /* NetworkingDataSourceRequestTests.swift in Sources */,
				0C2DB09429B52DD1004395FB /* MockProduct.swift in Sources */,
			);
			runOnlyForDeploymentPostprocessing = 0;
		};
		0C3F27FB29B3B6CB004C359C /* Sources */ = {
			isa = PBXSourcesBuildPhase;
			buildActionMask = 2147483647;
			files = (
				0C3F280329B3B6CB004C359C /* Domain.docc in Sources */,
				0C3F284A29B3C072004C359C /* Product.swift in Sources */,
				0C3F284C29B3C081004C359C /* Promotion.swift in Sources */,
				0C3F287A29B3CF9B004C359C /* PromotionsRepository.swift in Sources */,
				0C3F284E29B3C09B004C359C /* ProductsRepository.swift in Sources */,
				0C3F284329B3BFAC004C359C /* UseCase.swift in Sources */,
				0C3F284729B3C02A004C359C /* GetProductsWithPromotions.swift in Sources */,
			);
			runOnlyForDeploymentPostprocessing = 0;
		};
		0C3F280429B3B6CC004C359C /* Sources */ = {
			isa = PBXSourcesBuildPhase;
			buildActionMask = 2147483647;
			files = (
				0C3F281029B3B6CC004C359C /* DomainTests.swift in Sources */,
				0C2DB09229B528EA004395FB /* MockProduct.swift in Sources */,
			);
			runOnlyForDeploymentPostprocessing = 0;
		};
/* End PBXSourcesBuildPhase section */

/* Begin PBXTargetDependency section */
		0C3F27BC29B3B56E004C359C /* PBXTargetDependency */ = {
			isa = PBXTargetDependency;
			target = 0C3F27A929B3B56C004C359C /* rpenya-eshop-challenge */;
			targetProxy = 0C3F27BB29B3B56E004C359C /* PBXContainerItemProxy */;
		};
		0C3F27C629B3B56E004C359C /* PBXTargetDependency */ = {
			isa = PBXTargetDependency;
			target = 0C3F27A929B3B56C004C359C /* rpenya-eshop-challenge */;
			targetProxy = 0C3F27C529B3B56E004C359C /* PBXContainerItemProxy */;
		};
		0C3F27E829B3B6B1004C359C /* PBXTargetDependency */ = {
			isa = PBXTargetDependency;
			target = 0C3F27DB29B3B6B1004C359C /* Data */;
			targetProxy = 0C3F27E729B3B6B1004C359C /* PBXContainerItemProxy */;
		};
		0C3F27EA29B3B6B1004C359C /* PBXTargetDependency */ = {
			isa = PBXTargetDependency;
			target = 0C3F27A929B3B56C004C359C /* rpenya-eshop-challenge */;
			targetProxy = 0C3F27E929B3B6B1004C359C /* PBXContainerItemProxy */;
		};
		0C3F27F029B3B6B1004C359C /* PBXTargetDependency */ = {
			isa = PBXTargetDependency;
			target = 0C3F27DB29B3B6B1004C359C /* Data */;
			targetProxy = 0C3F27EF29B3B6B1004C359C /* PBXContainerItemProxy */;
		};
		0C3F280B29B3B6CC004C359C /* PBXTargetDependency */ = {
			isa = PBXTargetDependency;
			target = 0C3F27FE29B3B6CB004C359C /* Domain */;
			targetProxy = 0C3F280A29B3B6CC004C359C /* PBXContainerItemProxy */;
		};
		0C3F280D29B3B6CC004C359C /* PBXTargetDependency */ = {
			isa = PBXTargetDependency;
			target = 0C3F27A929B3B56C004C359C /* rpenya-eshop-challenge */;
			targetProxy = 0C3F280C29B3B6CC004C359C /* PBXContainerItemProxy */;
		};
		0C3F281329B3B6CC004C359C /* PBXTargetDependency */ = {
			isa = PBXTargetDependency;
			target = 0C3F27FE29B3B6CB004C359C /* Domain */;
			targetProxy = 0C3F281229B3B6CC004C359C /* PBXContainerItemProxy */;
		};
		0C3F282029B3B750004C359C /* PBXTargetDependency */ = {
			isa = PBXTargetDependency;
			target = 0C3F27FE29B3B6CB004C359C /* Domain */;
			targetProxy = 0C3F281F29B3B750004C359C /* PBXContainerItemProxy */;
		};
/* End PBXTargetDependency section */

/* Begin XCBuildConfiguration section */
		0C3F27CC29B3B56E004C359C /* Debug */ = {
			isa = XCBuildConfiguration;
			buildSettings = {
				ALWAYS_SEARCH_USER_PATHS = NO;
				CLANG_ANALYZER_NONNULL = YES;
				CLANG_ANALYZER_NUMBER_OBJECT_CONVERSION = YES_AGGRESSIVE;
				CLANG_CXX_LANGUAGE_STANDARD = "gnu++20";
				CLANG_ENABLE_MODULES = YES;
				CLANG_ENABLE_OBJC_ARC = YES;
				CLANG_ENABLE_OBJC_WEAK = YES;
				CLANG_WARN_BLOCK_CAPTURE_AUTORELEASING = YES;
				CLANG_WARN_BOOL_CONVERSION = YES;
				CLANG_WARN_COMMA = YES;
				CLANG_WARN_CONSTANT_CONVERSION = YES;
				CLANG_WARN_DEPRECATED_OBJC_IMPLEMENTATIONS = YES;
				CLANG_WARN_DIRECT_OBJC_ISA_USAGE = YES_ERROR;
				CLANG_WARN_DOCUMENTATION_COMMENTS = YES;
				CLANG_WARN_EMPTY_BODY = YES;
				CLANG_WARN_ENUM_CONVERSION = YES;
				CLANG_WARN_INFINITE_RECURSION = YES;
				CLANG_WARN_INT_CONVERSION = YES;
				CLANG_WARN_NON_LITERAL_NULL_CONVERSION = YES;
				CLANG_WARN_OBJC_IMPLICIT_RETAIN_SELF = YES;
				CLANG_WARN_OBJC_LITERAL_CONVERSION = YES;
				CLANG_WARN_OBJC_ROOT_CLASS = YES_ERROR;
				CLANG_WARN_QUOTED_INCLUDE_IN_FRAMEWORK_HEADER = YES;
				CLANG_WARN_RANGE_LOOP_ANALYSIS = YES;
				CLANG_WARN_STRICT_PROTOTYPES = YES;
				CLANG_WARN_SUSPICIOUS_MOVE = YES;
				CLANG_WARN_UNGUARDED_AVAILABILITY = YES_AGGRESSIVE;
				CLANG_WARN_UNREACHABLE_CODE = YES;
				CLANG_WARN__DUPLICATE_METHOD_MATCH = YES;
				COPY_PHASE_STRIP = NO;
				DEBUG_INFORMATION_FORMAT = dwarf;
				ENABLE_STRICT_OBJC_MSGSEND = YES;
				ENABLE_TESTABILITY = YES;
				GCC_C_LANGUAGE_STANDARD = gnu11;
				GCC_DYNAMIC_NO_PIC = NO;
				GCC_NO_COMMON_BLOCKS = YES;
				GCC_OPTIMIZATION_LEVEL = 0;
				GCC_PREPROCESSOR_DEFINITIONS = (
					"DEBUG=1",
					"$(inherited)",
				);
				GCC_WARN_64_TO_32_BIT_CONVERSION = YES;
				GCC_WARN_ABOUT_RETURN_TYPE = YES_ERROR;
				GCC_WARN_UNDECLARED_SELECTOR = YES;
				GCC_WARN_UNINITIALIZED_AUTOS = YES_AGGRESSIVE;
				GCC_WARN_UNUSED_FUNCTION = YES;
				GCC_WARN_UNUSED_VARIABLE = YES;
				IPHONEOS_DEPLOYMENT_TARGET = 16.2;
				MTL_ENABLE_DEBUG_INFO = INCLUDE_SOURCE;
				MTL_FAST_MATH = YES;
				ONLY_ACTIVE_ARCH = YES;
				SDKROOT = iphoneos;
				SWIFT_ACTIVE_COMPILATION_CONDITIONS = DEBUG;
				SWIFT_OPTIMIZATION_LEVEL = "-Onone";
			};
			name = Debug;
		};
		0C3F27CD29B3B56E004C359C /* Release */ = {
			isa = XCBuildConfiguration;
			buildSettings = {
				ALWAYS_SEARCH_USER_PATHS = NO;
				CLANG_ANALYZER_NONNULL = YES;
				CLANG_ANALYZER_NUMBER_OBJECT_CONVERSION = YES_AGGRESSIVE;
				CLANG_CXX_LANGUAGE_STANDARD = "gnu++20";
				CLANG_ENABLE_MODULES = YES;
				CLANG_ENABLE_OBJC_ARC = YES;
				CLANG_ENABLE_OBJC_WEAK = YES;
				CLANG_WARN_BLOCK_CAPTURE_AUTORELEASING = YES;
				CLANG_WARN_BOOL_CONVERSION = YES;
				CLANG_WARN_COMMA = YES;
				CLANG_WARN_CONSTANT_CONVERSION = YES;
				CLANG_WARN_DEPRECATED_OBJC_IMPLEMENTATIONS = YES;
				CLANG_WARN_DIRECT_OBJC_ISA_USAGE = YES_ERROR;
				CLANG_WARN_DOCUMENTATION_COMMENTS = YES;
				CLANG_WARN_EMPTY_BODY = YES;
				CLANG_WARN_ENUM_CONVERSION = YES;
				CLANG_WARN_INFINITE_RECURSION = YES;
				CLANG_WARN_INT_CONVERSION = YES;
				CLANG_WARN_NON_LITERAL_NULL_CONVERSION = YES;
				CLANG_WARN_OBJC_IMPLICIT_RETAIN_SELF = YES;
				CLANG_WARN_OBJC_LITERAL_CONVERSION = YES;
				CLANG_WARN_OBJC_ROOT_CLASS = YES_ERROR;
				CLANG_WARN_QUOTED_INCLUDE_IN_FRAMEWORK_HEADER = YES;
				CLANG_WARN_RANGE_LOOP_ANALYSIS = YES;
				CLANG_WARN_STRICT_PROTOTYPES = YES;
				CLANG_WARN_SUSPICIOUS_MOVE = YES;
				CLANG_WARN_UNGUARDED_AVAILABILITY = YES_AGGRESSIVE;
				CLANG_WARN_UNREACHABLE_CODE = YES;
				CLANG_WARN__DUPLICATE_METHOD_MATCH = YES;
				COPY_PHASE_STRIP = NO;
				DEBUG_INFORMATION_FORMAT = "dwarf-with-dsym";
				ENABLE_NS_ASSERTIONS = NO;
				ENABLE_STRICT_OBJC_MSGSEND = YES;
				GCC_C_LANGUAGE_STANDARD = gnu11;
				GCC_NO_COMMON_BLOCKS = YES;
				GCC_WARN_64_TO_32_BIT_CONVERSION = YES;
				GCC_WARN_ABOUT_RETURN_TYPE = YES_ERROR;
				GCC_WARN_UNDECLARED_SELECTOR = YES;
				GCC_WARN_UNINITIALIZED_AUTOS = YES_AGGRESSIVE;
				GCC_WARN_UNUSED_FUNCTION = YES;
				GCC_WARN_UNUSED_VARIABLE = YES;
				IPHONEOS_DEPLOYMENT_TARGET = 16.2;
				MTL_ENABLE_DEBUG_INFO = NO;
				MTL_FAST_MATH = YES;
				SDKROOT = iphoneos;
				SWIFT_COMPILATION_MODE = wholemodule;
				SWIFT_OPTIMIZATION_LEVEL = "-O";
				VALIDATE_PRODUCT = YES;
			};
			name = Release;
		};
		0C3F27CF29B3B56E004C359C /* Debug */ = {
			isa = XCBuildConfiguration;
			buildSettings = {
				ALWAYS_EMBED_SWIFT_STANDARD_LIBRARIES = YES;
				ASSETCATALOG_COMPILER_APPICON_NAME = AppIcon;
				ASSETCATALOG_COMPILER_GLOBAL_ACCENT_COLOR_NAME = AccentColor;
				CODE_SIGN_STYLE = Automatic;
				CURRENT_PROJECT_VERSION = 1;
				DEVELOPMENT_ASSET_PATHS = "\"Mobile/Preview Content\"";
				ENABLE_PREVIEWS = YES;
				GENERATE_INFOPLIST_FILE = YES;
				INFOPLIST_KEY_UIApplicationSceneManifest_Generation = YES;
				INFOPLIST_KEY_UIApplicationSupportsIndirectInputEvents = YES;
				INFOPLIST_KEY_UILaunchScreen_Generation = YES;
				INFOPLIST_KEY_UISupportedInterfaceOrientations_iPad = "UIInterfaceOrientationPortrait UIInterfaceOrientationPortraitUpsideDown UIInterfaceOrientationLandscapeLeft UIInterfaceOrientationLandscapeRight";
				INFOPLIST_KEY_UISupportedInterfaceOrientations_iPhone = "UIInterfaceOrientationPortrait UIInterfaceOrientationLandscapeLeft UIInterfaceOrientationLandscapeRight";
				LD_RUNPATH_SEARCH_PATHS = (
					"$(inherited)",
					"@executable_path/Frameworks",
				);
				MARKETING_VERSION = 1.0;
				PRODUCT_BUNDLE_IDENTIFIER = "rpa.rpenya-eshop-challenge";
				PRODUCT_NAME = "$(TARGET_NAME)";
				SWIFT_EMIT_LOC_STRINGS = YES;
				SWIFT_VERSION = 5.0;
				TARGETED_DEVICE_FAMILY = "1,2";
			};
			name = Debug;
		};
		0C3F27D029B3B56E004C359C /* Release */ = {
			isa = XCBuildConfiguration;
			buildSettings = {
				ALWAYS_EMBED_SWIFT_STANDARD_LIBRARIES = YES;
				ASSETCATALOG_COMPILER_APPICON_NAME = AppIcon;
				ASSETCATALOG_COMPILER_GLOBAL_ACCENT_COLOR_NAME = AccentColor;
				CODE_SIGN_STYLE = Automatic;
				CURRENT_PROJECT_VERSION = 1;
				DEVELOPMENT_ASSET_PATHS = "\"Mobile/Preview Content\"";
				ENABLE_PREVIEWS = YES;
				GENERATE_INFOPLIST_FILE = YES;
				INFOPLIST_KEY_UIApplicationSceneManifest_Generation = YES;
				INFOPLIST_KEY_UIApplicationSupportsIndirectInputEvents = YES;
				INFOPLIST_KEY_UILaunchScreen_Generation = YES;
				INFOPLIST_KEY_UISupportedInterfaceOrientations_iPad = "UIInterfaceOrientationPortrait UIInterfaceOrientationPortraitUpsideDown UIInterfaceOrientationLandscapeLeft UIInterfaceOrientationLandscapeRight";
				INFOPLIST_KEY_UISupportedInterfaceOrientations_iPhone = "UIInterfaceOrientationPortrait UIInterfaceOrientationLandscapeLeft UIInterfaceOrientationLandscapeRight";
				LD_RUNPATH_SEARCH_PATHS = (
					"$(inherited)",
					"@executable_path/Frameworks",
				);
				MARKETING_VERSION = 1.0;
				PRODUCT_BUNDLE_IDENTIFIER = "rpa.rpenya-eshop-challenge";
				PRODUCT_NAME = "$(TARGET_NAME)";
				SWIFT_EMIT_LOC_STRINGS = YES;
				SWIFT_VERSION = 5.0;
				TARGETED_DEVICE_FAMILY = "1,2";
			};
			name = Release;
		};
		0C3F27D229B3B56E004C359C /* Debug */ = {
			isa = XCBuildConfiguration;
			buildSettings = {
				ALWAYS_EMBED_SWIFT_STANDARD_LIBRARIES = YES;
				BUNDLE_LOADER = "$(TEST_HOST)";
				CODE_SIGN_STYLE = Automatic;
				CURRENT_PROJECT_VERSION = 1;
				GENERATE_INFOPLIST_FILE = YES;
				IPHONEOS_DEPLOYMENT_TARGET = 16.2;
				MARKETING_VERSION = 1.0;
				PRODUCT_BUNDLE_IDENTIFIER = "rpa.rpenya-eshop-challengeTests";
				PRODUCT_NAME = "$(TARGET_NAME)";
				SWIFT_EMIT_LOC_STRINGS = NO;
				SWIFT_VERSION = 5.0;
				TARGETED_DEVICE_FAMILY = "1,2";
				TEST_HOST = "$(BUILT_PRODUCTS_DIR)/rpenya-eshop-challenge.app/$(BUNDLE_EXECUTABLE_FOLDER_PATH)/rpenya-eshop-challenge";
			};
			name = Debug;
		};
		0C3F27D329B3B56E004C359C /* Release */ = {
			isa = XCBuildConfiguration;
			buildSettings = {
				ALWAYS_EMBED_SWIFT_STANDARD_LIBRARIES = YES;
				BUNDLE_LOADER = "$(TEST_HOST)";
				CODE_SIGN_STYLE = Automatic;
				CURRENT_PROJECT_VERSION = 1;
				GENERATE_INFOPLIST_FILE = YES;
				IPHONEOS_DEPLOYMENT_TARGET = 16.2;
				MARKETING_VERSION = 1.0;
				PRODUCT_BUNDLE_IDENTIFIER = "rpa.rpenya-eshop-challengeTests";
				PRODUCT_NAME = "$(TARGET_NAME)";
				SWIFT_EMIT_LOC_STRINGS = NO;
				SWIFT_VERSION = 5.0;
				TARGETED_DEVICE_FAMILY = "1,2";
				TEST_HOST = "$(BUILT_PRODUCTS_DIR)/rpenya-eshop-challenge.app/$(BUNDLE_EXECUTABLE_FOLDER_PATH)/rpenya-eshop-challenge";
			};
			name = Release;
		};
		0C3F27D529B3B56E004C359C /* Debug */ = {
			isa = XCBuildConfiguration;
			buildSettings = {
				ALWAYS_EMBED_SWIFT_STANDARD_LIBRARIES = YES;
				CODE_SIGN_STYLE = Automatic;
				CURRENT_PROJECT_VERSION = 1;
				GENERATE_INFOPLIST_FILE = YES;
				MARKETING_VERSION = 1.0;
				PRODUCT_BUNDLE_IDENTIFIER = "rpa.rpenya-eshop-challengeUITests";
				PRODUCT_NAME = "$(TARGET_NAME)";
				SWIFT_EMIT_LOC_STRINGS = NO;
				SWIFT_VERSION = 5.0;
				TARGETED_DEVICE_FAMILY = "1,2";
				TEST_TARGET_NAME = "rpenya-eshop-challenge";
			};
			name = Debug;
		};
		0C3F27D629B3B56E004C359C /* Release */ = {
			isa = XCBuildConfiguration;
			buildSettings = {
				ALWAYS_EMBED_SWIFT_STANDARD_LIBRARIES = YES;
				CODE_SIGN_STYLE = Automatic;
				CURRENT_PROJECT_VERSION = 1;
				GENERATE_INFOPLIST_FILE = YES;
				MARKETING_VERSION = 1.0;
				PRODUCT_BUNDLE_IDENTIFIER = "rpa.rpenya-eshop-challengeUITests";
				PRODUCT_NAME = "$(TARGET_NAME)";
				SWIFT_EMIT_LOC_STRINGS = NO;
				SWIFT_VERSION = 5.0;
				TARGETED_DEVICE_FAMILY = "1,2";
				TEST_TARGET_NAME = "rpenya-eshop-challenge";
			};
			name = Release;
		};
		0C3F27F429B3B6B1004C359C /* Debug */ = {
			isa = XCBuildConfiguration;
			buildSettings = {
				CODE_SIGN_STYLE = Automatic;
				CURRENT_PROJECT_VERSION = 1;
				DEFINES_MODULE = YES;
				DYLIB_COMPATIBILITY_VERSION = 1;
				DYLIB_CURRENT_VERSION = 1;
				DYLIB_INSTALL_NAME_BASE = "@rpath";
				GENERATE_INFOPLIST_FILE = YES;
				INFOPLIST_KEY_NSHumanReadableCopyright = "";
				INSTALL_PATH = "$(LOCAL_LIBRARY_DIR)/Frameworks";
				LD_RUNPATH_SEARCH_PATHS = (
					"$(inherited)",
					"@executable_path/Frameworks",
					"@loader_path/Frameworks",
				);
				MARKETING_VERSION = 1.0;
				PRODUCT_BUNDLE_IDENTIFIER = rpa.Data;
				PRODUCT_NAME = "$(TARGET_NAME:c99extidentifier)";
				SKIP_INSTALL = YES;
				SWIFT_EMIT_LOC_STRINGS = YES;
				SWIFT_VERSION = 5.0;
				TARGETED_DEVICE_FAMILY = "1,2";
				VERSIONING_SYSTEM = "apple-generic";
				VERSION_INFO_PREFIX = "";
			};
			name = Debug;
		};
		0C3F27F529B3B6B1004C359C /* Release */ = {
			isa = XCBuildConfiguration;
			buildSettings = {
				CODE_SIGN_STYLE = Automatic;
				CURRENT_PROJECT_VERSION = 1;
				DEFINES_MODULE = YES;
				DYLIB_COMPATIBILITY_VERSION = 1;
				DYLIB_CURRENT_VERSION = 1;
				DYLIB_INSTALL_NAME_BASE = "@rpath";
				GENERATE_INFOPLIST_FILE = YES;
				INFOPLIST_KEY_NSHumanReadableCopyright = "";
				INSTALL_PATH = "$(LOCAL_LIBRARY_DIR)/Frameworks";
				LD_RUNPATH_SEARCH_PATHS = (
					"$(inherited)",
					"@executable_path/Frameworks",
					"@loader_path/Frameworks",
				);
				MARKETING_VERSION = 1.0;
				PRODUCT_BUNDLE_IDENTIFIER = rpa.Data;
				PRODUCT_NAME = "$(TARGET_NAME:c99extidentifier)";
				SKIP_INSTALL = YES;
				SWIFT_EMIT_LOC_STRINGS = YES;
				SWIFT_VERSION = 5.0;
				TARGETED_DEVICE_FAMILY = "1,2";
				VERSIONING_SYSTEM = "apple-generic";
				VERSION_INFO_PREFIX = "";
			};
			name = Release;
		};
		0C3F27F829B3B6B1004C359C /* Debug */ = {
			isa = XCBuildConfiguration;
			buildSettings = {
				ALWAYS_EMBED_SWIFT_STANDARD_LIBRARIES = YES;
				CODE_SIGN_STYLE = Automatic;
				CURRENT_PROJECT_VERSION = 1;
				GENERATE_INFOPLIST_FILE = YES;
				MARKETING_VERSION = 1.0;
				PRODUCT_BUNDLE_IDENTIFIER = rpa.DataTests;
				PRODUCT_NAME = "$(TARGET_NAME)";
				SWIFT_EMIT_LOC_STRINGS = NO;
				SWIFT_VERSION = 5.0;
				TARGETED_DEVICE_FAMILY = "1,2";
				TEST_HOST = "$(BUILT_PRODUCTS_DIR)/rpenya-eshop-challenge.app/$(BUNDLE_EXECUTABLE_FOLDER_PATH)/rpenya-eshop-challenge";
			};
			name = Debug;
		};
		0C3F27F929B3B6B1004C359C /* Release */ = {
			isa = XCBuildConfiguration;
			buildSettings = {
				ALWAYS_EMBED_SWIFT_STANDARD_LIBRARIES = YES;
				CODE_SIGN_STYLE = Automatic;
				CURRENT_PROJECT_VERSION = 1;
				GENERATE_INFOPLIST_FILE = YES;
				MARKETING_VERSION = 1.0;
				PRODUCT_BUNDLE_IDENTIFIER = rpa.DataTests;
				PRODUCT_NAME = "$(TARGET_NAME)";
				SWIFT_EMIT_LOC_STRINGS = NO;
				SWIFT_VERSION = 5.0;
				TARGETED_DEVICE_FAMILY = "1,2";
				TEST_HOST = "$(BUILT_PRODUCTS_DIR)/rpenya-eshop-challenge.app/$(BUNDLE_EXECUTABLE_FOLDER_PATH)/rpenya-eshop-challenge";
			};
			name = Release;
		};
		0C3F281729B3B6CC004C359C /* Debug */ = {
			isa = XCBuildConfiguration;
			buildSettings = {
				CODE_SIGN_STYLE = Automatic;
				CURRENT_PROJECT_VERSION = 1;
				DEFINES_MODULE = YES;
				DYLIB_COMPATIBILITY_VERSION = 1;
				DYLIB_CURRENT_VERSION = 1;
				DYLIB_INSTALL_NAME_BASE = "@rpath";
				GENERATE_INFOPLIST_FILE = YES;
				INFOPLIST_KEY_NSHumanReadableCopyright = "";
				INSTALL_PATH = "$(LOCAL_LIBRARY_DIR)/Frameworks";
				LD_RUNPATH_SEARCH_PATHS = (
					"$(inherited)",
					"@executable_path/Frameworks",
					"@loader_path/Frameworks",
				);
				MARKETING_VERSION = 1.0;
				PRODUCT_BUNDLE_IDENTIFIER = rpa.Domain;
				PRODUCT_NAME = "$(TARGET_NAME:c99extidentifier)";
				SKIP_INSTALL = YES;
				SWIFT_EMIT_LOC_STRINGS = YES;
				SWIFT_VERSION = 5.0;
				TARGETED_DEVICE_FAMILY = "1,2";
				VERSIONING_SYSTEM = "apple-generic";
				VERSION_INFO_PREFIX = "";
			};
			name = Debug;
		};
		0C3F281829B3B6CC004C359C /* Release */ = {
			isa = XCBuildConfiguration;
			buildSettings = {
				CODE_SIGN_STYLE = Automatic;
				CURRENT_PROJECT_VERSION = 1;
				DEFINES_MODULE = YES;
				DYLIB_COMPATIBILITY_VERSION = 1;
				DYLIB_CURRENT_VERSION = 1;
				DYLIB_INSTALL_NAME_BASE = "@rpath";
				GENERATE_INFOPLIST_FILE = YES;
				INFOPLIST_KEY_NSHumanReadableCopyright = "";
				INSTALL_PATH = "$(LOCAL_LIBRARY_DIR)/Frameworks";
				LD_RUNPATH_SEARCH_PATHS = (
					"$(inherited)",
					"@executable_path/Frameworks",
					"@loader_path/Frameworks",
				);
				MARKETING_VERSION = 1.0;
				PRODUCT_BUNDLE_IDENTIFIER = rpa.Domain;
				PRODUCT_NAME = "$(TARGET_NAME:c99extidentifier)";
				SKIP_INSTALL = YES;
				SWIFT_EMIT_LOC_STRINGS = YES;
				SWIFT_VERSION = 5.0;
				TARGETED_DEVICE_FAMILY = "1,2";
				VERSIONING_SYSTEM = "apple-generic";
				VERSION_INFO_PREFIX = "";
			};
			name = Release;
		};
		0C3F281A29B3B6CC004C359C /* Debug */ = {
			isa = XCBuildConfiguration;
			buildSettings = {
				ALWAYS_EMBED_SWIFT_STANDARD_LIBRARIES = YES;
				CODE_SIGN_STYLE = Automatic;
				CURRENT_PROJECT_VERSION = 1;
				GENERATE_INFOPLIST_FILE = YES;
				MARKETING_VERSION = 1.0;
				PRODUCT_BUNDLE_IDENTIFIER = rpa.DomainTests;
				PRODUCT_NAME = "$(TARGET_NAME)";
				SWIFT_EMIT_LOC_STRINGS = NO;
				SWIFT_VERSION = 5.0;
				TARGETED_DEVICE_FAMILY = "1,2";
				TEST_HOST = "$(BUILT_PRODUCTS_DIR)/rpenya-eshop-challenge.app/$(BUNDLE_EXECUTABLE_FOLDER_PATH)/rpenya-eshop-challenge";
			};
			name = Debug;
		};
		0C3F281B29B3B6CC004C359C /* Release */ = {
			isa = XCBuildConfiguration;
			buildSettings = {
				ALWAYS_EMBED_SWIFT_STANDARD_LIBRARIES = YES;
				CODE_SIGN_STYLE = Automatic;
				CURRENT_PROJECT_VERSION = 1;
				GENERATE_INFOPLIST_FILE = YES;
				MARKETING_VERSION = 1.0;
				PRODUCT_BUNDLE_IDENTIFIER = rpa.DomainTests;
				PRODUCT_NAME = "$(TARGET_NAME)";
				SWIFT_EMIT_LOC_STRINGS = NO;
				SWIFT_VERSION = 5.0;
				TARGETED_DEVICE_FAMILY = "1,2";
				TEST_HOST = "$(BUILT_PRODUCTS_DIR)/rpenya-eshop-challenge.app/$(BUNDLE_EXECUTABLE_FOLDER_PATH)/rpenya-eshop-challenge";
			};
			name = Release;
		};
/* End XCBuildConfiguration section */

/* Begin XCConfigurationList section */
		0C3F27A529B3B56C004C359C /* Build configuration list for PBXProject "rpenya-eshop-challenge" */ = {
			isa = XCConfigurationList;
			buildConfigurations = (
				0C3F27CC29B3B56E004C359C /* Debug */,
				0C3F27CD29B3B56E004C359C /* Release */,
			);
			defaultConfigurationIsVisible = 0;
			defaultConfigurationName = Release;
		};
		0C3F27CE29B3B56E004C359C /* Build configuration list for PBXNativeTarget "rpenya-eshop-challenge" */ = {
			isa = XCConfigurationList;
			buildConfigurations = (
				0C3F27CF29B3B56E004C359C /* Debug */,
				0C3F27D029B3B56E004C359C /* Release */,
			);
			defaultConfigurationIsVisible = 0;
			defaultConfigurationName = Release;
		};
		0C3F27D129B3B56E004C359C /* Build configuration list for PBXNativeTarget "rpenya-eshop-challengeTests" */ = {
			isa = XCConfigurationList;
			buildConfigurations = (
				0C3F27D229B3B56E004C359C /* Debug */,
				0C3F27D329B3B56E004C359C /* Release */,
			);
			defaultConfigurationIsVisible = 0;
			defaultConfigurationName = Release;
		};
		0C3F27D429B3B56E004C359C /* Build configuration list for PBXNativeTarget "rpenya-eshop-challengeUITests" */ = {
			isa = XCConfigurationList;
			buildConfigurations = (
				0C3F27D529B3B56E004C359C /* Debug */,
				0C3F27D629B3B56E004C359C /* Release */,
			);
			defaultConfigurationIsVisible = 0;
			defaultConfigurationName = Release;
		};
		0C3F27F329B3B6B1004C359C /* Build configuration list for PBXNativeTarget "Data" */ = {
			isa = XCConfigurationList;
			buildConfigurations = (
				0C3F27F429B3B6B1004C359C /* Debug */,
				0C3F27F529B3B6B1004C359C /* Release */,
			);
			defaultConfigurationIsVisible = 0;
			defaultConfigurationName = Release;
		};
		0C3F27F729B3B6B1004C359C /* Build configuration list for PBXNativeTarget "DataTests" */ = {
			isa = XCConfigurationList;
			buildConfigurations = (
				0C3F27F829B3B6B1004C359C /* Debug */,
				0C3F27F929B3B6B1004C359C /* Release */,
			);
			defaultConfigurationIsVisible = 0;
			defaultConfigurationName = Release;
		};
		0C3F281629B3B6CC004C359C /* Build configuration list for PBXNativeTarget "Domain" */ = {
			isa = XCConfigurationList;
			buildConfigurations = (
				0C3F281729B3B6CC004C359C /* Debug */,
				0C3F281829B3B6CC004C359C /* Release */,
			);
			defaultConfigurationIsVisible = 0;
			defaultConfigurationName = Release;
		};
		0C3F281929B3B6CC004C359C /* Build configuration list for PBXNativeTarget "DomainTests" */ = {
			isa = XCConfigurationList;
			buildConfigurations = (
				0C3F281A29B3B6CC004C359C /* Debug */,
				0C3F281B29B3B6CC004C359C /* Release */,
			);
			defaultConfigurationIsVisible = 0;
			defaultConfigurationName = Release;
		};
/* End XCConfigurationList section */
	};
	rootObject = 0C3F27A229B3B56C004C359C /* Project object */;
}
