// !$*UTF8*$!
{
	archiveVersion = 1;
	classes = {
	};
	objectVersion = 56;
	objects = {

/* Begin PBXBuildFile section */
		0C3F27AE29B3B56C004C359C /* rpenya_eshop_challengeApp.swift in Sources */ = {isa = PBXBuildFile; fileRef = 0C3F27AD29B3B56C004C359C /* rpenya_eshop_challengeApp.swift */; };
		0C3F27B029B3B56C004C359C /* ContentView.swift in Sources */ = {isa = PBXBuildFile; fileRef = 0C3F27AF29B3B56C004C359C /* ContentView.swift */; };
		0C3F27B229B3B56E004C359C /* Assets.xcassets in Resources */ = {isa = PBXBuildFile; fileRef = 0C3F27B129B3B56E004C359C /* Assets.xcassets */; };
		0C3F27B529B3B56E004C359C /* Preview Assets.xcassets in Resources */ = {isa = PBXBuildFile; fileRef = 0C3F27B429B3B56E004C359C /* Preview Assets.xcassets */; };
		0C3F27BF29B3B56E004C359C /* rpenya_eshop_challengeTests.swift in Sources */ = {isa = PBXBuildFile; fileRef = 0C3F27BE29B3B56E004C359C /* rpenya_eshop_challengeTests.swift */; };
		0C3F27C929B3B56E004C359C /* rpenya_eshop_challengeUITests.swift in Sources */ = {isa = PBXBuildFile; fileRef = 0C3F27C829B3B56E004C359C /* rpenya_eshop_challengeUITests.swift */; };
		0C3F27CB29B3B56E004C359C /* rpenya_eshop_challengeUITestsLaunchTests.swift in Sources */ = {isa = PBXBuildFile; fileRef = 0C3F27CA29B3B56E004C359C /* rpenya_eshop_challengeUITestsLaunchTests.swift */; };
/* End PBXBuildFile section */

/* Begin PBXContainerItemProxy section */
		0C3F27BB29B3B56E004C359C /* PBXContainerItemProxy */ = {
			isa = PBXContainerItemProxy;
			containerPortal = 0C3F27A229B3B56C004C359C /* Project object */;
			proxyType = 1;
			remoteGlobalIDString = 0C3F27A929B3B56C004C359C;
			remoteInfo = "rpenya-eshop-challenge";
		};
		0C3F27C529B3B56E004C359C /* PBXContainerItemProxy */ = {
			isa = PBXContainerItemProxy;
			containerPortal = 0C3F27A229B3B56C004C359C /* Project object */;
			proxyType = 1;
			remoteGlobalIDString = 0C3F27A929B3B56C004C359C;
			remoteInfo = "rpenya-eshop-challenge";
		};
/* End PBXContainerItemProxy section */

/* Begin PBXFileReference section */
		0C3F27AA29B3B56C004C359C /* rpenya-eshop-challenge.app */ = {isa = PBXFileReference; explicitFileType = wrapper.application; includeInIndex = 0; path = "rpenya-eshop-challenge.app"; sourceTree = BUILT_PRODUCTS_DIR; };
		0C3F27AD29B3B56C004C359C /* rpenya_eshop_challengeApp.swift */ = {isa = PBXFileReference; lastKnownFileType = sourcecode.swift; path = rpenya_eshop_challengeApp.swift; sourceTree = "<group>"; };
		0C3F27AF29B3B56C004C359C /* ContentView.swift */ = {isa = PBXFileReference; lastKnownFileType = sourcecode.swift; path = ContentView.swift; sourceTree = "<group>"; };
		0C3F27B129B3B56E004C359C /* Assets.xcassets */ = {isa = PBXFileReference; lastKnownFileType = folder.assetcatalog; path = Assets.xcassets; sourceTree = "<group>"; };
		0C3F27B429B3B56E004C359C /* Preview Assets.xcassets */ = {isa = PBXFileReference; lastKnownFileType = folder.assetcatalog; path = "Preview Assets.xcassets"; sourceTree = "<group>"; };
		0C3F27BA29B3B56E004C359C /* rpenya-eshop-challengeTests.xctest */ = {isa = PBXFileReference; explicitFileType = wrapper.cfbundle; includeInIndex = 0; path = "rpenya-eshop-challengeTests.xctest"; sourceTree = BUILT_PRODUCTS_DIR; };
		0C3F27BE29B3B56E004C359C /* rpenya_eshop_challengeTests.swift */ = {isa = PBXFileReference; lastKnownFileType = sourcecode.swift; path = rpenya_eshop_challengeTests.swift; sourceTree = "<group>"; };
		0C3F27C429B3B56E004C359C /* rpenya-eshop-challengeUITests.xctest */ = {isa = PBXFileReference; explicitFileType = wrapper.cfbundle; includeInIndex = 0; path = "rpenya-eshop-challengeUITests.xctest"; sourceTree = BUILT_PRODUCTS_DIR; };
		0C3F27C829B3B56E004C359C /* rpenya_eshop_challengeUITests.swift */ = {isa = PBXFileReference; lastKnownFileType = sourcecode.swift; path = rpenya_eshop_challengeUITests.swift; sourceTree = "<group>"; };
		0C3F27CA29B3B56E004C359C /* rpenya_eshop_challengeUITestsLaunchTests.swift */ = {isa = PBXFileReference; lastKnownFileType = sourcecode.swift; path = rpenya_eshop_challengeUITestsLaunchTests.swift; sourceTree = "<group>"; };
/* End PBXFileReference section */

/* Begin PBXFrameworksBuildPhase section */
		0C3F27A729B3B56C004C359C /* Frameworks */ = {
			isa = PBXFrameworksBuildPhase;
			buildActionMask = 2147483647;
			files = (
			);
			runOnlyForDeploymentPostprocessing = 0;
		};
		0C3F27B729B3B56E004C359C /* Frameworks */ = {
			isa = PBXFrameworksBuildPhase;
			buildActionMask = 2147483647;
			files = (
			);
			runOnlyForDeploymentPostprocessing = 0;
		};
		0C3F27C129B3B56E004C359C /* Frameworks */ = {
			isa = PBXFrameworksBuildPhase;
			buildActionMask = 2147483647;
			files = (
			);
			runOnlyForDeploymentPostprocessing = 0;
		};
/* End PBXFrameworksBuildPhase section */

/* Begin PBXGroup section */
		0C3F27A129B3B56C004C359C = {
			isa = PBXGroup;
			children = (
				0C3F27AC29B3B56C004C359C /* rpenya-eshop-challenge */,
				0C3F27BD29B3B56E004C359C /* rpenya-eshop-challengeTests */,
				0C3F27C729B3B56E004C359C /* rpenya-eshop-challengeUITests */,
				0C3F27AB29B3B56C004C359C /* Products */,
			);
			sourceTree = "<group>";
		};
		0C3F27AB29B3B56C004C359C /* Products */ = {
			isa = PBXGroup;
			children = (
				0C3F27AA29B3B56C004C359C /* rpenya-eshop-challenge.app */,
				0C3F27BA29B3B56E004C359C /* rpenya-eshop-challengeTests.xctest */,
				0C3F27C429B3B56E004C359C /* rpenya-eshop-challengeUITests.xctest */,
			);
			name = Products;
			sourceTree = "<group>";
		};
		0C3F27AC29B3B56C004C359C /* rpenya-eshop-challenge */ = {
			isa = PBXGroup;
			children = (
				0C3F27AD29B3B56C004C359C /* rpenya_eshop_challengeApp.swift */,
				0C3F27AF29B3B56C004C359C /* ContentView.swift */,
				0C3F27B129B3B56E004C359C /* Assets.xcassets */,
				0C3F27B329B3B56E004C359C /* Preview Content */,
			);
			path = "rpenya-eshop-challenge";
			sourceTree = "<group>";
		};
		0C3F27B329B3B56E004C359C /* Preview Content */ = {
			isa = PBXGroup;
			children = (
				0C3F27B429B3B56E004C359C /* Preview Assets.xcassets */,
			);
			path = "Preview Content";
			sourceTree = "<group>";
		};
		0C3F27BD29B3B56E004C359C /* rpenya-eshop-challengeTests */ = {
			isa = PBXGroup;
			children = (
				0C3F27BE29B3B56E004C359C /* rpenya_eshop_challengeTests.swift */,
			);
			path = "rpenya-eshop-challengeTests";
			sourceTree = "<group>";
		};
		0C3F27C729B3B56E004C359C /* rpenya-eshop-challengeUITests */ = {
			isa = PBXGroup;
			children = (
				0C3F27C829B3B56E004C359C /* rpenya_eshop_challengeUITests.swift */,
				0C3F27CA29B3B56E004C359C /* rpenya_eshop_challengeUITestsLaunchTests.swift */,
			);
			path = "rpenya-eshop-challengeUITests";
			sourceTree = "<group>";
		};
/* End PBXGroup section */

/* Begin PBXNativeTarget section */
		0C3F27A929B3B56C004C359C /* rpenya-eshop-challenge */ = {
			isa = PBXNativeTarget;
			buildConfigurationList = 0C3F27CE29B3B56E004C359C /* Build configuration list for PBXNativeTarget "rpenya-eshop-challenge" */;
			buildPhases = (
				0C3F27A629B3B56C004C359C /* Sources */,
				0C3F27A729B3B56C004C359C /* Frameworks */,
				0C3F27A829B3B56C004C359C /* Resources */,
			);
			buildRules = (
			);
			dependencies = (
			);
			name = "rpenya-eshop-challenge";
			productName = "rpenya-eshop-challenge";
			productReference = 0C3F27AA29B3B56C004C359C /* rpenya-eshop-challenge.app */;
			productType = "com.apple.product-type.application";
		};
		0C3F27B929B3B56E004C359C /* rpenya-eshop-challengeTests */ = {
			isa = PBXNativeTarget;
			buildConfigurationList = 0C3F27D129B3B56E004C359C /* Build configuration list for PBXNativeTarget "rpenya-eshop-challengeTests" */;
			buildPhases = (
				0C3F27B629B3B56E004C359C /* Sources */,
				0C3F27B729B3B56E004C359C /* Frameworks */,
				0C3F27B829B3B56E004C359C /* Resources */,
			);
			buildRules = (
			);
			dependencies = (
				0C3F27BC29B3B56E004C359C /* PBXTargetDependency */,
			);
			name = "rpenya-eshop-challengeTests";
			productName = "rpenya-eshop-challengeTests";
			productReference = 0C3F27BA29B3B56E004C359C /* rpenya-eshop-challengeTests.xctest */;
			productType = "com.apple.product-type.bundle.unit-test";
		};
		0C3F27C329B3B56E004C359C /* rpenya-eshop-challengeUITests */ = {
			isa = PBXNativeTarget;
			buildConfigurationList = 0C3F27D429B3B56E004C359C /* Build configuration list for PBXNativeTarget "rpenya-eshop-challengeUITests" */;
			buildPhases = (
				0C3F27C029B3B56E004C359C /* Sources */,
				0C3F27C129B3B56E004C359C /* Frameworks */,
				0C3F27C229B3B56E004C359C /* Resources */,
			);
			buildRules = (
			);
			dependencies = (
				0C3F27C629B3B56E004C359C /* PBXTargetDependency */,
			);
			name = "rpenya-eshop-challengeUITests";
			productName = "rpenya-eshop-challengeUITests";
			productReference = 0C3F27C429B3B56E004C359C /* rpenya-eshop-challengeUITests.xctest */;
			productType = "com.apple.product-type.bundle.ui-testing";
		};
/* End PBXNativeTarget section */

/* Begin PBXProject section */
		0C3F27A229B3B56C004C359C /* Project object */ = {
			isa = PBXProject;
			attributes = {
				BuildIndependentTargetsInParallel = 1;
				LastSwiftUpdateCheck = 1420;
				LastUpgradeCheck = 1420;
				TargetAttributes = {
					0C3F27A929B3B56C004C359C = {
						CreatedOnToolsVersion = 14.2;
					};
					0C3F27B929B3B56E004C359C = {
						CreatedOnToolsVersion = 14.2;
						TestTargetID = 0C3F27A929B3B56C004C359C;
					};
					0C3F27C329B3B56E004C359C = {
						CreatedOnToolsVersion = 14.2;
						TestTargetID = 0C3F27A929B3B56C004C359C;
					};
				};
			};
			buildConfigurationList = 0C3F27A529B3B56C004C359C /* Build configuration list for PBXProject "rpenya-eshop-challenge" */;
			compatibilityVersion = "Xcode 14.0";
			developmentRegion = en;
			hasScannedForEncodings = 0;
			knownRegions = (
				en,
				Base,
			);
			mainGroup = 0C3F27A129B3B56C004C359C;
			productRefGroup = 0C3F27AB29B3B56C004C359C /* Products */;
			projectDirPath = "";
			projectRoot = "";
			targets = (
				0C3F27A929B3B56C004C359C /* rpenya-eshop-challenge */,
				0C3F27B929B3B56E004C359C /* rpenya-eshop-challengeTests */,
				0C3F27C329B3B56E004C359C /* rpenya-eshop-challengeUITests */,
			);
		};
/* End PBXProject section */

/* Begin PBXResourcesBuildPhase section */
		0C3F27A829B3B56C004C359C /* Resources */ = {
			isa = PBXResourcesBuildPhase;
			buildActionMask = 2147483647;
			files = (
				0C3F27B529B3B56E004C359C /* Preview Assets.xcassets in Resources */,
				0C3F27B229B3B56E004C359C /* Assets.xcassets in Resources */,
			);
			runOnlyForDeploymentPostprocessing = 0;
		};
		0C3F27B829B3B56E004C359C /* Resources */ = {
			isa = PBXResourcesBuildPhase;
			buildActionMask = 2147483647;
			files = (
			);
			runOnlyForDeploymentPostprocessing = 0;
		};
		0C3F27C229B3B56E004C359C /* Resources */ = {
			isa = PBXResourcesBuildPhase;
			buildActionMask = 2147483647;
			files = (
			);
			runOnlyForDeploymentPostprocessing = 0;
		};
/* End PBXResourcesBuildPhase section */

/* Begin PBXSourcesBuildPhase section */
		0C3F27A629B3B56C004C359C /* Sources */ = {
			isa = PBXSourcesBuildPhase;
			buildActionMask = 2147483647;
			files = (
				0C3F27B029B3B56C004C359C /* ContentView.swift in Sources */,
				0C3F27AE29B3B56C004C359C /* rpenya_eshop_challengeApp.swift in Sources */,
			);
			runOnlyForDeploymentPostprocessing = 0;
		};
		0C3F27B629B3B56E004C359C /* Sources */ = {
			isa = PBXSourcesBuildPhase;
			buildActionMask = 2147483647;
			files = (
				0C3F27BF29B3B56E004C359C /* rpenya_eshop_challengeTests.swift in Sources */,
			);
			runOnlyForDeploymentPostprocessing = 0;
		};
		0C3F27C029B3B56E004C359C /* Sources */ = {
			isa = PBXSourcesBuildPhase;
			buildActionMask = 2147483647;
			files = (
				0C3F27C929B3B56E004C359C /* rpenya_eshop_challengeUITests.swift in Sources */,
				0C3F27CB29B3B56E004C359C /* rpenya_eshop_challengeUITestsLaunchTests.swift in Sources */,
			);
			runOnlyForDeploymentPostprocessing = 0;
		};
/* End PBXSourcesBuildPhase section */

/* Begin PBXTargetDependency section */
		0C3F27BC29B3B56E004C359C /* PBXTargetDependency */ = {
			isa = PBXTargetDependency;
			target = 0C3F27A929B3B56C004C359C /* rpenya-eshop-challenge */;
			targetProxy = 0C3F27BB29B3B56E004C359C /* PBXContainerItemProxy */;
		};
		0C3F27C629B3B56E004C359C /* PBXTargetDependency */ = {
			isa = PBXTargetDependency;
			target = 0C3F27A929B3B56C004C359C /* rpenya-eshop-challenge */;
			targetProxy = 0C3F27C529B3B56E004C359C /* PBXContainerItemProxy */;
		};
/* End PBXTargetDependency section */

/* Begin XCBuildConfiguration section */
		0C3F27CC29B3B56E004C359C /* Debug */ = {
			isa = XCBuildConfiguration;
			buildSettings = {
				ALWAYS_SEARCH_USER_PATHS = NO;
				CLANG_ANALYZER_NONNULL = YES;
				CLANG_ANALYZER_NUMBER_OBJECT_CONVERSION = YES_AGGRESSIVE;
				CLANG_CXX_LANGUAGE_STANDARD = "gnu++20";
				CLANG_ENABLE_MODULES = YES;
				CLANG_ENABLE_OBJC_ARC = YES;
				CLANG_ENABLE_OBJC_WEAK = YES;
				CLANG_WARN_BLOCK_CAPTURE_AUTORELEASING = YES;
				CLANG_WARN_BOOL_CONVERSION = YES;
				CLANG_WARN_COMMA = YES;
				CLANG_WARN_CONSTANT_CONVERSION = YES;
				CLANG_WARN_DEPRECATED_OBJC_IMPLEMENTATIONS = YES;
				CLANG_WARN_DIRECT_OBJC_ISA_USAGE = YES_ERROR;
				CLANG_WARN_DOCUMENTATION_COMMENTS = YES;
				CLANG_WARN_EMPTY_BODY = YES;
				CLANG_WARN_ENUM_CONVERSION = YES;
				CLANG_WARN_INFINITE_RECURSION = YES;
				CLANG_WARN_INT_CONVERSION = YES;
				CLANG_WARN_NON_LITERAL_NULL_CONVERSION = YES;
				CLANG_WARN_OBJC_IMPLICIT_RETAIN_SELF = YES;
				CLANG_WARN_OBJC_LITERAL_CONVERSION = YES;
				CLANG_WARN_OBJC_ROOT_CLASS = YES_ERROR;
				CLANG_WARN_QUOTED_INCLUDE_IN_FRAMEWORK_HEADER = YES;
				CLANG_WARN_RANGE_LOOP_ANALYSIS = YES;
				CLANG_WARN_STRICT_PROTOTYPES = YES;
				CLANG_WARN_SUSPICIOUS_MOVE = YES;
				CLANG_WARN_UNGUARDED_AVAILABILITY = YES_AGGRESSIVE;
				CLANG_WARN_UNREACHABLE_CODE = YES;
				CLANG_WARN__DUPLICATE_METHOD_MATCH = YES;
				COPY_PHASE_STRIP = NO;
				DEBUG_INFORMATION_FORMAT = dwarf;
				ENABLE_STRICT_OBJC_MSGSEND = YES;
				ENABLE_TESTABILITY = YES;
				GCC_C_LANGUAGE_STANDARD = gnu11;
				GCC_DYNAMIC_NO_PIC = NO;
				GCC_NO_COMMON_BLOCKS = YES;
				GCC_OPTIMIZATION_LEVEL = 0;
				GCC_PREPROCESSOR_DEFINITIONS = (
					"DEBUG=1",
					"$(inherited)",
				);
				GCC_WARN_64_TO_32_BIT_CONVERSION = YES;
				GCC_WARN_ABOUT_RETURN_TYPE = YES_ERROR;
				GCC_WARN_UNDECLARED_SELECTOR = YES;
				GCC_WARN_UNINITIALIZED_AUTOS = YES_AGGRESSIVE;
				GCC_WARN_UNUSED_FUNCTION = YES;
				GCC_WARN_UNUSED_VARIABLE = YES;
				IPHONEOS_DEPLOYMENT_TARGET = 16.2;
				MTL_ENABLE_DEBUG_INFO = INCLUDE_SOURCE;
				MTL_FAST_MATH = YES;
				ONLY_ACTIVE_ARCH = YES;
				SDKROOT = iphoneos;
				SWIFT_ACTIVE_COMPILATION_CONDITIONS = DEBUG;
				SWIFT_OPTIMIZATION_LEVEL = "-Onone";
			};
			name = Debug;
		};
		0C3F27CD29B3B56E004C359C /* Release */ = {
			isa = XCBuildConfiguration;
			buildSettings = {
				ALWAYS_SEARCH_USER_PATHS = NO;
				CLANG_ANALYZER_NONNULL = YES;
				CLANG_ANALYZER_NUMBER_OBJECT_CONVERSION = YES_AGGRESSIVE;
				CLANG_CXX_LANGUAGE_STANDARD = "gnu++20";
				CLANG_ENABLE_MODULES = YES;
				CLANG_ENABLE_OBJC_ARC = YES;
				CLANG_ENABLE_OBJC_WEAK = YES;
				CLANG_WARN_BLOCK_CAPTURE_AUTORELEASING = YES;
				CLANG_WARN_BOOL_CONVERSION = YES;
				CLANG_WARN_COMMA = YES;
				CLANG_WARN_CONSTANT_CONVERSION = YES;
				CLANG_WARN_DEPRECATED_OBJC_IMPLEMENTATIONS = YES;
				CLANG_WARN_DIRECT_OBJC_ISA_USAGE = YES_ERROR;
				CLANG_WARN_DOCUMENTATION_COMMENTS = YES;
				CLANG_WARN_EMPTY_BODY = YES;
				CLANG_WARN_ENUM_CONVERSION = YES;
				CLANG_WARN_INFINITE_RECURSION = YES;
				CLANG_WARN_INT_CONVERSION = YES;
				CLANG_WARN_NON_LITERAL_NULL_CONVERSION = YES;
				CLANG_WARN_OBJC_IMPLICIT_RETAIN_SELF = YES;
				CLANG_WARN_OBJC_LITERAL_CONVERSION = YES;
				CLANG_WARN_OBJC_ROOT_CLASS = YES_ERROR;
				CLANG_WARN_QUOTED_INCLUDE_IN_FRAMEWORK_HEADER = YES;
				CLANG_WARN_RANGE_LOOP_ANALYSIS = YES;
				CLANG_WARN_STRICT_PROTOTYPES = YES;
				CLANG_WARN_SUSPICIOUS_MOVE = YES;
				CLANG_WARN_UNGUARDED_AVAILABILITY = YES_AGGRESSIVE;
				CLANG_WARN_UNREACHABLE_CODE = YES;
				CLANG_WARN__DUPLICATE_METHOD_MATCH = YES;
				COPY_PHASE_STRIP = NO;
				DEBUG_INFORMATION_FORMAT = "dwarf-with-dsym";
				ENABLE_NS_ASSERTIONS = NO;
				ENABLE_STRICT_OBJC_MSGSEND = YES;
				GCC_C_LANGUAGE_STANDARD = gnu11;
				GCC_NO_COMMON_BLOCKS = YES;
				GCC_WARN_64_TO_32_BIT_CONVERSION = YES;
				GCC_WARN_ABOUT_RETURN_TYPE = YES_ERROR;
				GCC_WARN_UNDECLARED_SELECTOR = YES;
				GCC_WARN_UNINITIALIZED_AUTOS = YES_AGGRESSIVE;
				GCC_WARN_UNUSED_FUNCTION = YES;
				GCC_WARN_UNUSED_VARIABLE = YES;
				IPHONEOS_DEPLOYMENT_TARGET = 16.2;
				MTL_ENABLE_DEBUG_INFO = NO;
				MTL_FAST_MATH = YES;
				SDKROOT = iphoneos;
				SWIFT_COMPILATION_MODE = wholemodule;
				SWIFT_OPTIMIZATION_LEVEL = "-O";
				VALIDATE_PRODUCT = YES;
			};
			name = Release;
		};
		0C3F27CF29B3B56E004C359C /* Debug */ = {
			isa = XCBuildConfiguration;
			buildSettings = {
				ASSETCATALOG_COMPILER_APPICON_NAME = AppIcon;
				ASSETCATALOG_COMPILER_GLOBAL_ACCENT_COLOR_NAME = AccentColor;
				CODE_SIGN_STYLE = Automatic;
				CURRENT_PROJECT_VERSION = 1;
				DEVELOPMENT_ASSET_PATHS = "\"rpenya-eshop-challenge/Preview Content\"";
				ENABLE_PREVIEWS = YES;
				GENERATE_INFOPLIST_FILE = YES;
				INFOPLIST_KEY_UIApplicationSceneManifest_Generation = YES;
				INFOPLIST_KEY_UIApplicationSupportsIndirectInputEvents = YES;
				INFOPLIST_KEY_UILaunchScreen_Generation = YES;
				INFOPLIST_KEY_UISupportedInterfaceOrientations_iPad = "UIInterfaceOrientationPortrait UIInterfaceOrientationPortraitUpsideDown UIInterfaceOrientationLandscapeLeft UIInterfaceOrientationLandscapeRight";
				INFOPLIST_KEY_UISupportedInterfaceOrientations_iPhone = "UIInterfaceOrientationPortrait UIInterfaceOrientationLandscapeLeft UIInterfaceOrientationLandscapeRight";
				LD_RUNPATH_SEARCH_PATHS = (
					"$(inherited)",
					"@executable_path/Frameworks",
				);
				MARKETING_VERSION = 1.0;
				PRODUCT_BUNDLE_IDENTIFIER = "rpa.rpenya-eshop-challenge";
				PRODUCT_NAME = "$(TARGET_NAME)";
				SWIFT_EMIT_LOC_STRINGS = YES;
				SWIFT_VERSION = 5.0;
				TARGETED_DEVICE_FAMILY = "1,2";
			};
			name = Debug;
		};
		0C3F27D029B3B56E004C359C /* Release */ = {
			isa = XCBuildConfiguration;
			buildSettings = {
				ASSETCATALOG_COMPILER_APPICON_NAME = AppIcon;
				ASSETCATALOG_COMPILER_GLOBAL_ACCENT_COLOR_NAME = AccentColor;
				CODE_SIGN_STYLE = Automatic;
				CURRENT_PROJECT_VERSION = 1;
				DEVELOPMENT_ASSET_PATHS = "\"rpenya-eshop-challenge/Preview Content\"";
				ENABLE_PREVIEWS = YES;
				GENERATE_INFOPLIST_FILE = YES;
				INFOPLIST_KEY_UIApplicationSceneManifest_Generation = YES;
				INFOPLIST_KEY_UIApplicationSupportsIndirectInputEvents = YES;
				INFOPLIST_KEY_UILaunchScreen_Generation = YES;
				INFOPLIST_KEY_UISupportedInterfaceOrientations_iPad = "UIInterfaceOrientationPortrait UIInterfaceOrientationPortraitUpsideDown UIInterfaceOrientationLandscapeLeft UIInterfaceOrientationLandscapeRight";
				INFOPLIST_KEY_UISupportedInterfaceOrientations_iPhone = "UIInterfaceOrientationPortrait UIInterfaceOrientationLandscapeLeft UIInterfaceOrientationLandscapeRight";
				LD_RUNPATH_SEARCH_PATHS = (
					"$(inherited)",
					"@executable_path/Frameworks",
				);
				MARKETING_VERSION = 1.0;
				PRODUCT_BUNDLE_IDENTIFIER = "rpa.rpenya-eshop-challenge";
				PRODUCT_NAME = "$(TARGET_NAME)";
				SWIFT_EMIT_LOC_STRINGS = YES;
				SWIFT_VERSION = 5.0;
				TARGETED_DEVICE_FAMILY = "1,2";
			};
			name = Release;
		};
		0C3F27D229B3B56E004C359C /* Debug */ = {
			isa = XCBuildConfiguration;
			buildSettings = {
				ALWAYS_EMBED_SWIFT_STANDARD_LIBRARIES = YES;
				BUNDLE_LOADER = "$(TEST_HOST)";
				CODE_SIGN_STYLE = Automatic;
				CURRENT_PROJECT_VERSION = 1;
				GENERATE_INFOPLIST_FILE = YES;
				IPHONEOS_DEPLOYMENT_TARGET = 16.2;
				MARKETING_VERSION = 1.0;
				PRODUCT_BUNDLE_IDENTIFIER = "rpa.rpenya-eshop-challengeTests";
				PRODUCT_NAME = "$(TARGET_NAME)";
				SWIFT_EMIT_LOC_STRINGS = NO;
				SWIFT_VERSION = 5.0;
				TARGETED_DEVICE_FAMILY = "1,2";
				TEST_HOST = "$(BUILT_PRODUCTS_DIR)/rpenya-eshop-challenge.app/$(BUNDLE_EXECUTABLE_FOLDER_PATH)/rpenya-eshop-challenge";
			};
			name = Debug;
		};
		0C3F27D329B3B56E004C359C /* Release */ = {
			isa = XCBuildConfiguration;
			buildSettings = {
				ALWAYS_EMBED_SWIFT_STANDARD_LIBRARIES = YES;
				BUNDLE_LOADER = "$(TEST_HOST)";
				CODE_SIGN_STYLE = Automatic;
				CURRENT_PROJECT_VERSION = 1;
				GENERATE_INFOPLIST_FILE = YES;
				IPHONEOS_DEPLOYMENT_TARGET = 16.2;
				MARKETING_VERSION = 1.0;
				PRODUCT_BUNDLE_IDENTIFIER = "rpa.rpenya-eshop-challengeTests";
				PRODUCT_NAME = "$(TARGET_NAME)";
				SWIFT_EMIT_LOC_STRINGS = NO;
				SWIFT_VERSION = 5.0;
				TARGETED_DEVICE_FAMILY = "1,2";
				TEST_HOST = "$(BUILT_PRODUCTS_DIR)/rpenya-eshop-challenge.app/$(BUNDLE_EXECUTABLE_FOLDER_PATH)/rpenya-eshop-challenge";
			};
			name = Release;
		};
		0C3F27D529B3B56E004C359C /* Debug */ = {
			isa = XCBuildConfiguration;
			buildSettings = {
				ALWAYS_EMBED_SWIFT_STANDARD_LIBRARIES = YES;
				CODE_SIGN_STYLE = Automatic;
				CURRENT_PROJECT_VERSION = 1;
				GENERATE_INFOPLIST_FILE = YES;
				MARKETING_VERSION = 1.0;
				PRODUCT_BUNDLE_IDENTIFIER = "rpa.rpenya-eshop-challengeUITests";
				PRODUCT_NAME = "$(TARGET_NAME)";
				SWIFT_EMIT_LOC_STRINGS = NO;
				SWIFT_VERSION = 5.0;
				TARGETED_DEVICE_FAMILY = "1,2";
				TEST_TARGET_NAME = "rpenya-eshop-challenge";
			};
			name = Debug;
		};
		0C3F27D629B3B56E004C359C /* Release */ = {
			isa = XCBuildConfiguration;
			buildSettings = {
				ALWAYS_EMBED_SWIFT_STANDARD_LIBRARIES = YES;
				CODE_SIGN_STYLE = Automatic;
				CURRENT_PROJECT_VERSION = 1;
				GENERATE_INFOPLIST_FILE = YES;
				MARKETING_VERSION = 1.0;
				PRODUCT_BUNDLE_IDENTIFIER = "rpa.rpenya-eshop-challengeUITests";
				PRODUCT_NAME = "$(TARGET_NAME)";
				SWIFT_EMIT_LOC_STRINGS = NO;
				SWIFT_VERSION = 5.0;
				TARGETED_DEVICE_FAMILY = "1,2";
				TEST_TARGET_NAME = "rpenya-eshop-challenge";
			};
			name = Release;
		};
/* End XCBuildConfiguration section */

/* Begin XCConfigurationList section */
		0C3F27A529B3B56C004C359C /* Build configuration list for PBXProject "rpenya-eshop-challenge" */ = {
			isa = XCConfigurationList;
			buildConfigurations = (
				0C3F27CC29B3B56E004C359C /* Debug */,
				0C3F27CD29B3B56E004C359C /* Release */,
			);
			defaultConfigurationIsVisible = 0;
			defaultConfigurationName = Release;
		};
		0C3F27CE29B3B56E004C359C /* Build configuration list for PBXNativeTarget "rpenya-eshop-challenge" */ = {
			isa = XCConfigurationList;
			buildConfigurations = (
				0C3F27CF29B3B56E004C359C /* Debug */,
				0C3F27D029B3B56E004C359C /* Release */,
			);
			defaultConfigurationIsVisible = 0;
			defaultConfigurationName = Release;
		};
		0C3F27D129B3B56E004C359C /* Build configuration list for PBXNativeTarget "rpenya-eshop-challengeTests" */ = {
			isa = XCConfigurationList;
			buildConfigurations = (
				0C3F27D229B3B56E004C359C /* Debug */,
				0C3F27D329B3B56E004C359C /* Release */,
			);
			defaultConfigurationIsVisible = 0;
			defaultConfigurationName = Release;
		};
		0C3F27D429B3B56E004C359C /* Build configuration list for PBXNativeTarget "rpenya-eshop-challengeUITests" */ = {
			isa = XCConfigurationList;
			buildConfigurations = (
				0C3F27D529B3B56E004C359C /* Debug */,
				0C3F27D629B3B56E004C359C /* Release */,
			);
			defaultConfigurationIsVisible = 0;
			defaultConfigurationName = Release;
		};
/* End XCConfigurationList section */
	};
	rootObject = 0C3F27A229B3B56C004C359C /* Project object */;
}
